// !$*UTF8*$!
{
	archiveVersion = 1;
	classes = {
	};
	objectVersion = 46;
	objects = {

/* Begin PBXBuildFile section */
		7704B26C1C0A2BE500A48ECD /* AppDelegate.swift in Sources */ = {isa = PBXBuildFile; fileRef = 7704B26B1C0A2BE500A48ECD /* AppDelegate.swift */; };
		7704B26E1C0A2BE500A48ECD /* ViewController.swift in Sources */ = {isa = PBXBuildFile; fileRef = 7704B26D1C0A2BE500A48ECD /* ViewController.swift */; };
		7704B2711C0A2BE500A48ECD /* Main.storyboard in Resources */ = {isa = PBXBuildFile; fileRef = 7704B26F1C0A2BE500A48ECD /* Main.storyboard */; };
		7704B2731C0A2BE500A48ECD /* Assets.xcassets in Resources */ = {isa = PBXBuildFile; fileRef = 7704B2721C0A2BE500A48ECD /* Assets.xcassets */; };
		7704B2761C0A2BE500A48ECD /* LaunchScreen.storyboard in Resources */ = {isa = PBXBuildFile; fileRef = 7704B2741C0A2BE500A48ECD /* LaunchScreen.storyboard */; };
		7704B2811C0A2BE500A48ECD /* tableviewdemoTests.swift in Sources */ = {isa = PBXBuildFile; fileRef = 7704B2801C0A2BE500A48ECD /* tableviewdemoTests.swift */; };
		7704B28C1C0A2BE500A48ECD /* tableviewdemoUITests.swift in Sources */ = {isa = PBXBuildFile; fileRef = 7704B28B1C0A2BE500A48ECD /* tableviewdemoUITests.swift */; };
		7704B29A1C0A2C4C00A48ECD /* LabelCell.swift in Sources */ = {isa = PBXBuildFile; fileRef = 7704B2991C0A2C4C00A48ECD /* LabelCell.swift */; };
		775341861C0AD0A600E23058 /* ExpandViewController.swift in Sources */ = {isa = PBXBuildFile; fileRef = 775341851C0AD0A600E23058 /* ExpandViewController.swift */; };
		775341881C0AD0FF00E23058 /* ExpandCell.swift in Sources */ = {isa = PBXBuildFile; fileRef = 775341871C0AD0FF00E23058 /* ExpandCell.swift */; };
		7753418A1C0AE77E00E23058 /* RefreshView.swift in Sources */ = {isa = PBXBuildFile; fileRef = 775341891C0AE77E00E23058 /* RefreshView.swift */; };
/* End PBXBuildFile section */

/* Begin PBXContainerItemProxy section */
		7704B27D1C0A2BE500A48ECD /* PBXContainerItemProxy */ = {
			isa = PBXContainerItemProxy;
			containerPortal = 7704B2601C0A2BE500A48ECD /* Project object */;
			proxyType = 1;
			remoteGlobalIDString = 7704B2671C0A2BE500A48ECD;
			remoteInfo = tableviewdemo;
		};
		7704B2881C0A2BE500A48ECD /* PBXContainerItemProxy */ = {
			isa = PBXContainerItemProxy;
			containerPortal = 7704B2601C0A2BE500A48ECD /* Project object */;
			proxyType = 1;
			remoteGlobalIDString = 7704B2671C0A2BE500A48ECD;
			remoteInfo = tableviewdemo;
		};
/* End PBXContainerItemProxy section */

/* Begin PBXFileReference section */
		7704B2681C0A2BE500A48ECD /* tableviewdemo.app */ = {isa = PBXFileReference; explicitFileType = wrapper.application; includeInIndex = 0; path = tableviewdemo.app; sourceTree = BUILT_PRODUCTS_DIR; };
		7704B26B1C0A2BE500A48ECD /* AppDelegate.swift */ = {isa = PBXFileReference; lastKnownFileType = sourcecode.swift; path = AppDelegate.swift; sourceTree = "<group>"; };
		7704B26D1C0A2BE500A48ECD /* ViewController.swift */ = {isa = PBXFileReference; lastKnownFileType = sourcecode.swift; path = ViewController.swift; sourceTree = "<group>"; };
		7704B2701C0A2BE500A48ECD /* Base */ = {isa = PBXFileReference; lastKnownFileType = file.storyboard; name = Base; path = Base.lproj/Main.storyboard; sourceTree = "<group>"; };
		7704B2721C0A2BE500A48ECD /* Assets.xcassets */ = {isa = PBXFileReference; lastKnownFileType = folder.assetcatalog; path = Assets.xcassets; sourceTree = "<group>"; };
		7704B2751C0A2BE500A48ECD /* Base */ = {isa = PBXFileReference; lastKnownFileType = file.storyboard; name = Base; path = Base.lproj/LaunchScreen.storyboard; sourceTree = "<group>"; };
		7704B2771C0A2BE500A48ECD /* Info.plist */ = {isa = PBXFileReference; lastKnownFileType = text.plist.xml; path = Info.plist; sourceTree = "<group>"; };
		7704B27C1C0A2BE500A48ECD /* tableviewdemoTests.xctest */ = {isa = PBXFileReference; explicitFileType = wrapper.cfbundle; includeInIndex = 0; path = tableviewdemoTests.xctest; sourceTree = BUILT_PRODUCTS_DIR; };
		7704B2801C0A2BE500A48ECD /* tableviewdemoTests.swift */ = {isa = PBXFileReference; lastKnownFileType = sourcecode.swift; path = tableviewdemoTests.swift; sourceTree = "<group>"; };
		7704B2821C0A2BE500A48ECD /* Info.plist */ = {isa = PBXFileReference; lastKnownFileType = text.plist.xml; path = Info.plist; sourceTree = "<group>"; };
		7704B2871C0A2BE500A48ECD /* tableviewdemoUITests.xctest */ = {isa = PBXFileReference; explicitFileType = wrapper.cfbundle; includeInIndex = 0; path = tableviewdemoUITests.xctest; sourceTree = BUILT_PRODUCTS_DIR; };
		7704B28B1C0A2BE500A48ECD /* tableviewdemoUITests.swift */ = {isa = PBXFileReference; lastKnownFileType = sourcecode.swift; path = tableviewdemoUITests.swift; sourceTree = "<group>"; };
		7704B28D1C0A2BE500A48ECD /* Info.plist */ = {isa = PBXFileReference; lastKnownFileType = text.plist.xml; path = Info.plist; sourceTree = "<group>"; };
		7704B2991C0A2C4C00A48ECD /* LabelCell.swift */ = {isa = PBXFileReference; fileEncoding = 4; lastKnownFileType = sourcecode.swift; path = LabelCell.swift; sourceTree = "<group>"; };
		775341851C0AD0A600E23058 /* ExpandViewController.swift */ = {isa = PBXFileReference; fileEncoding = 4; lastKnownFileType = sourcecode.swift; path = ExpandViewController.swift; sourceTree = "<group>"; };
		775341871C0AD0FF00E23058 /* ExpandCell.swift */ = {isa = PBXFileReference; fileEncoding = 4; lastKnownFileType = sourcecode.swift; path = ExpandCell.swift; sourceTree = "<group>"; };
		775341891C0AE77E00E23058 /* RefreshView.swift */ = {isa = PBXFileReference; fileEncoding = 4; lastKnownFileType = sourcecode.swift; path = RefreshView.swift; sourceTree = "<group>"; };
/* End PBXFileReference section */

/* Begin PBXFrameworksBuildPhase section */
		7704B2651C0A2BE500A48ECD /* Frameworks */ = {
			isa = PBXFrameworksBuildPhase;
			buildActionMask = 2147483647;
			files = (
			);
			runOnlyForDeploymentPostprocessing = 0;
		};
		7704B2791C0A2BE500A48ECD /* Frameworks */ = {
			isa = PBXFrameworksBuildPhase;
			buildActionMask = 2147483647;
			files = (
			);
			runOnlyForDeploymentPostprocessing = 0;
		};
		7704B2841C0A2BE500A48ECD /* Frameworks */ = {
			isa = PBXFrameworksBuildPhase;
			buildActionMask = 2147483647;
			files = (
			);
			runOnlyForDeploymentPostprocessing = 0;
		};
/* End PBXFrameworksBuildPhase section */

/* Begin PBXGroup section */
		7704B25F1C0A2BE500A48ECD = {
			isa = PBXGroup;
			children = (
				7704B26A1C0A2BE500A48ECD /* tableviewdemo */,
				7704B27F1C0A2BE500A48ECD /* tableviewdemoTests */,
				7704B28A1C0A2BE500A48ECD /* tableviewdemoUITests */,
				7704B2691C0A2BE500A48ECD /* Products */,
			);
			sourceTree = "<group>";
		};
		7704B2691C0A2BE500A48ECD /* Products */ = {
			isa = PBXGroup;
			children = (
				7704B2681C0A2BE500A48ECD /* tableviewdemo.app */,
				7704B27C1C0A2BE500A48ECD /* tableviewdemoTests.xctest */,
				7704B2871C0A2BE500A48ECD /* tableviewdemoUITests.xctest */,
			);
			name = Products;
			sourceTree = "<group>";
		};
		7704B26A1C0A2BE500A48ECD /* tableviewdemo */ = {
			isa = PBXGroup;
			children = (
				7704B26B1C0A2BE500A48ECD /* AppDelegate.swift */,
				7704B26D1C0A2BE500A48ECD /* ViewController.swift */,
				7704B26F1C0A2BE500A48ECD /* Main.storyboard */,
				7704B2721C0A2BE500A48ECD /* Assets.xcassets */,
				7704B2741C0A2BE500A48ECD /* LaunchScreen.storyboard */,
				7704B2771C0A2BE500A48ECD /* Info.plist */,
				7704B2991C0A2C4C00A48ECD /* LabelCell.swift */,
				775341851C0AD0A600E23058 /* ExpandViewController.swift */,
				775341871C0AD0FF00E23058 /* ExpandCell.swift */,
				775341891C0AE77E00E23058 /* RefreshView.swift */,
			);
			path = tableviewdemo;
			sourceTree = "<group>";
		};
		7704B27F1C0A2BE500A48ECD /* tableviewdemoTests */ = {
			isa = PBXGroup;
			children = (
				7704B2801C0A2BE500A48ECD /* tableviewdemoTests.swift */,
				7704B2821C0A2BE500A48ECD /* Info.plist */,
			);
			path = tableviewdemoTests;
			sourceTree = "<group>";
		};
		7704B28A1C0A2BE500A48ECD /* tableviewdemoUITests */ = {
			isa = PBXGroup;
			children = (
				7704B28B1C0A2BE500A48ECD /* tableviewdemoUITests.swift */,
				7704B28D1C0A2BE500A48ECD /* Info.plist */,
			);
			path = tableviewdemoUITests;
			sourceTree = "<group>";
		};
/* End PBXGroup section */

/* Begin PBXNativeTarget section */
		7704B2671C0A2BE500A48ECD /* tableviewdemo */ = {
			isa = PBXNativeTarget;
			buildConfigurationList = 7704B2901C0A2BE500A48ECD /* Build configuration list for PBXNativeTarget "tableviewdemo" */;
			buildPhases = (
				7704B2641C0A2BE500A48ECD /* Sources */,
				7704B2651C0A2BE500A48ECD /* Frameworks */,
				7704B2661C0A2BE500A48ECD /* Resources */,
			);
			buildRules = (
			);
			dependencies = (
			);
			name = tableviewdemo;
			productName = tableviewdemo;
			productReference = 7704B2681C0A2BE500A48ECD /* tableviewdemo.app */;
			productType = "com.apple.product-type.application";
		};
		7704B27B1C0A2BE500A48ECD /* tableviewdemoTests */ = {
			isa = PBXNativeTarget;
			buildConfigurationList = 7704B2931C0A2BE500A48ECD /* Build configuration list for PBXNativeTarget "tableviewdemoTests" */;
			buildPhases = (
				7704B2781C0A2BE500A48ECD /* Sources */,
				7704B2791C0A2BE500A48ECD /* Frameworks */,
				7704B27A1C0A2BE500A48ECD /* Resources */,
			);
			buildRules = (
			);
			dependencies = (
				7704B27E1C0A2BE500A48ECD /* PBXTargetDependency */,
			);
			name = tableviewdemoTests;
			productName = tableviewdemoTests;
			productReference = 7704B27C1C0A2BE500A48ECD /* tableviewdemoTests.xctest */;
			productType = "com.apple.product-type.bundle.unit-test";
		};
		7704B2861C0A2BE500A48ECD /* tableviewdemoUITests */ = {
			isa = PBXNativeTarget;
			buildConfigurationList = 7704B2961C0A2BE500A48ECD /* Build configuration list for PBXNativeTarget "tableviewdemoUITests" */;
			buildPhases = (
				7704B2831C0A2BE500A48ECD /* Sources */,
				7704B2841C0A2BE500A48ECD /* Frameworks */,
				7704B2851C0A2BE500A48ECD /* Resources */,
			);
			buildRules = (
			);
			dependencies = (
				7704B2891C0A2BE500A48ECD /* PBXTargetDependency */,
			);
			name = tableviewdemoUITests;
			productName = tableviewdemoUITests;
			productReference = 7704B2871C0A2BE500A48ECD /* tableviewdemoUITests.xctest */;
			productType = "com.apple.product-type.bundle.ui-testing";
		};
/* End PBXNativeTarget section */

/* Begin PBXProject section */
		7704B2601C0A2BE500A48ECD /* Project object */ = {
			isa = PBXProject;
			attributes = {
				LastSwiftUpdateCheck = 0710;
				LastUpgradeCheck = 0710;
				ORGANIZATIONNAME = youdian.org;
				TargetAttributes = {
					7704B2671C0A2BE500A48ECD = {
						CreatedOnToolsVersion = 7.1.1;
						DevelopmentTeam = 2M8ZU3G729;
					};
					7704B27B1C0A2BE500A48ECD = {
						CreatedOnToolsVersion = 7.1.1;
						DevelopmentTeam = 2M8ZU3G729;
						TestTargetID = 7704B2671C0A2BE500A48ECD;
					};
					7704B2861C0A2BE500A48ECD = {
						CreatedOnToolsVersion = 7.1.1;
						DevelopmentTeam = 2M8ZU3G729;
						TestTargetID = 7704B2671C0A2BE500A48ECD;
					};
				};
			};
			buildConfigurationList = 7704B2631C0A2BE500A48ECD /* Build configuration list for PBXProject "tableviewdemo" */;
			compatibilityVersion = "Xcode 3.2";
			developmentRegion = English;
			hasScannedForEncodings = 0;
			knownRegions = (
				en,
				Base,
			);
			mainGroup = 7704B25F1C0A2BE500A48ECD;
			productRefGroup = 7704B2691C0A2BE500A48ECD /* Products */;
			projectDirPath = "";
			projectRoot = "";
			targets = (
				7704B2671C0A2BE500A48ECD /* tableviewdemo */,
				7704B27B1C0A2BE500A48ECD /* tableviewdemoTests */,
				7704B2861C0A2BE500A48ECD /* tableviewdemoUITests */,
			);
		};
/* End PBXProject section */

/* Begin PBXResourcesBuildPhase section */
		7704B2661C0A2BE500A48ECD /* Resources */ = {
			isa = PBXResourcesBuildPhase;
			buildActionMask = 2147483647;
			files = (
				7704B2761C0A2BE500A48ECD /* LaunchScreen.storyboard in Resources */,
				7704B2731C0A2BE500A48ECD /* Assets.xcassets in Resources */,
				7704B2711C0A2BE500A48ECD /* Main.storyboard in Resources */,
			);
			runOnlyForDeploymentPostprocessing = 0;
		};
		7704B27A1C0A2BE500A48ECD /* Resources */ = {
			isa = PBXResourcesBuildPhase;
			buildActionMask = 2147483647;
			files = (
			);
			runOnlyForDeploymentPostprocessing = 0;
		};
		7704B2851C0A2BE500A48ECD /* Resources */ = {
			isa = PBXResourcesBuildPhase;
			buildActionMask = 2147483647;
			files = (
			);
			runOnlyForDeploymentPostprocessing = 0;
		};
/* End PBXResourcesBuildPhase section */

/* Begin PBXSourcesBuildPhase section */
		7704B2641C0A2BE500A48ECD /* Sources */ = {
			isa = PBXSourcesBuildPhase;
			buildActionMask = 2147483647;
			files = (
				7753418A1C0AE77E00E23058 /* RefreshView.swift in Sources */,
				775341861C0AD0A600E23058 /* ExpandViewController.swift in Sources */,
				7704B26E1C0A2BE500A48ECD /* ViewController.swift in Sources */,
				775341881C0AD0FF00E23058 /* ExpandCell.swift in Sources */,
				7704B29A1C0A2C4C00A48ECD /* LabelCell.swift in Sources */,
				7704B26C1C0A2BE500A48ECD /* AppDelegate.swift in Sources */,
			);
			runOnlyForDeploymentPostprocessing = 0;
		};
		7704B2781C0A2BE500A48ECD /* Sources */ = {
			isa = PBXSourcesBuildPhase;
			buildActionMask = 2147483647;
			files = (
				7704B2811C0A2BE500A48ECD /* tableviewdemoTests.swift in Sources */,
			);
			runOnlyForDeploymentPostprocessing = 0;
		};
		7704B2831C0A2BE500A48ECD /* Sources */ = {
			isa = PBXSourcesBuildPhase;
			buildActionMask = 2147483647;
			files = (
				7704B28C1C0A2BE500A48ECD /* tableviewdemoUITests.swift in Sources */,
			);
			runOnlyForDeploymentPostprocessing = 0;
		};
/* End PBXSourcesBuildPhase section */

/* Begin PBXTargetDependency section */
		7704B27E1C0A2BE500A48ECD /* PBXTargetDependency */ = {
			isa = PBXTargetDependency;
			target = 7704B2671C0A2BE500A48ECD /* tableviewdemo */;
			targetProxy = 7704B27D1C0A2BE500A48ECD /* PBXContainerItemProxy */;
		};
		7704B2891C0A2BE500A48ECD /* PBXTargetDependency */ = {
			isa = PBXTargetDependency;
			target = 7704B2671C0A2BE500A48ECD /* tableviewdemo */;
			targetProxy = 7704B2881C0A2BE500A48ECD /* PBXContainerItemProxy */;
		};
/* End PBXTargetDependency section */

/* Begin PBXVariantGroup section */
		7704B26F1C0A2BE500A48ECD /* Main.storyboard */ = {
			isa = PBXVariantGroup;
			children = (
				7704B2701C0A2BE500A48ECD /* Base */,
			);
			name = Main.storyboard;
			sourceTree = "<group>";
		};
		7704B2741C0A2BE500A48ECD /* LaunchScreen.storyboard */ = {
			isa = PBXVariantGroup;
			children = (
				7704B2751C0A2BE500A48ECD /* Base */,
			);
			name = LaunchScreen.storyboard;
			sourceTree = "<group>";
		};
/* End PBXVariantGroup section */

/* Begin XCBuildConfiguration section */
		7704B28E1C0A2BE500A48ECD /* Debug */ = {
			isa = XCBuildConfiguration;
			buildSettings = {
				ALWAYS_SEARCH_USER_PATHS = NO;
				CLANG_CXX_LANGUAGE_STANDARD = "gnu++0x";
				CLANG_CXX_LIBRARY = "libc++";
				CLANG_ENABLE_MODULES = YES;
				CLANG_ENABLE_OBJC_ARC = YES;
				CLANG_WARN_BOOL_CONVERSION = YES;
				CLANG_WARN_CONSTANT_CONVERSION = YES;
				CLANG_WARN_DIRECT_OBJC_ISA_USAGE = YES_ERROR;
				CLANG_WARN_EMPTY_BODY = YES;
				CLANG_WARN_ENUM_CONVERSION = YES;
				CLANG_WARN_INT_CONVERSION = YES;
				CLANG_WARN_OBJC_ROOT_CLASS = YES_ERROR;
				CLANG_WARN_UNREACHABLE_CODE = YES;
				CLANG_WARN__DUPLICATE_METHOD_MATCH = YES;
				"CODE_SIGN_IDENTITY[sdk=iphoneos*]" = "iPhone Developer";
				COPY_PHASE_STRIP = NO;
				DEBUG_INFORMATION_FORMAT = dwarf;
				ENABLE_STRICT_OBJC_MSGSEND = YES;
				ENABLE_TESTABILITY = YES;
				GCC_C_LANGUAGE_STANDARD = gnu99;
				GCC_DYNAMIC_NO_PIC = NO;
				GCC_NO_COMMON_BLOCKS = YES;
				GCC_OPTIMIZATION_LEVEL = 0;
				GCC_PREPROCESSOR_DEFINITIONS = (
					"DEBUG=1",
					"$(inherited)",
				);
				GCC_WARN_64_TO_32_BIT_CONVERSION = YES;
				GCC_WARN_ABOUT_RETURN_TYPE = YES_ERROR;
				GCC_WARN_UNDECLARED_SELECTOR = YES;
				GCC_WARN_UNINITIALIZED_AUTOS = YES_AGGRESSIVE;
				GCC_WARN_UNUSED_FUNCTION = YES;
				GCC_WARN_UNUSED_VARIABLE = YES;
				IPHONEOS_DEPLOYMENT_TARGET = 8.0;
				MTL_ENABLE_DEBUG_INFO = YES;
				ONLY_ACTIVE_ARCH = YES;
				SDKROOT = iphoneos;
				SWIFT_OPTIMIZATION_LEVEL = "-Onone";
			};
			name = Debug;
		};
		7704B28F1C0A2BE500A48ECD /* Release */ = {
			isa = XCBuildConfiguration;
			buildSettings = {
				ALWAYS_SEARCH_USER_PATHS = NO;
				CLANG_CXX_LANGUAGE_STANDARD = "gnu++0x";
				CLANG_CXX_LIBRARY = "libc++";
				CLANG_ENABLE_MODULES = YES;
				CLANG_ENABLE_OBJC_ARC = YES;
				CLANG_WARN_BOOL_CONVERSION = YES;
				CLANG_WARN_CONSTANT_CONVERSION = YES;
				CLANG_WARN_DIRECT_OBJC_ISA_USAGE = YES_ERROR;
				CLANG_WARN_EMPTY_BODY = YES;
				CLANG_WARN_ENUM_CONVERSION = YES;
				CLANG_WARN_INT_CONVERSION = YES;
				CLANG_WARN_OBJC_ROOT_CLASS = YES_ERROR;
				CLANG_WARN_UNREACHABLE_CODE = YES;
				CLANG_WARN__DUPLICATE_METHOD_MATCH = YES;
				CODE_SIGN_IDENTITY = "iPhone Developer: ios@youdian.org (24H9U5H8KZ)";
				"CODE_SIGN_IDENTITY[sdk=iphoneos*]" = "iPhone Developer: ios@youdian.org (24H9U5H8KZ)";
				COPY_PHASE_STRIP = NO;
				DEBUG_INFORMATION_FORMAT = "dwarf-with-dsym";
				ENABLE_NS_ASSERTIONS = NO;
				ENABLE_STRICT_OBJC_MSGSEND = YES;
				GCC_C_LANGUAGE_STANDARD = gnu99;
				GCC_NO_COMMON_BLOCKS = YES;
				GCC_WARN_64_TO_32_BIT_CONVERSION = YES;
				GCC_WARN_ABOUT_RETURN_TYPE = YES_ERROR;
				GCC_WARN_UNDECLARED_SELECTOR = YES;
				GCC_WARN_UNINITIALIZED_AUTOS = YES_AGGRESSIVE;
				GCC_WARN_UNUSED_FUNCTION = YES;
				GCC_WARN_UNUSED_VARIABLE = YES;
				IPHONEOS_DEPLOYMENT_TARGET = 8.0;
				MTL_ENABLE_DEBUG_INFO = NO;
				ONLY_ACTIVE_ARCH = NO;
				SDKROOT = iphoneos;
				VALIDATE_PRODUCT = YES;
			};
			name = Release;
		};
		7704B2911C0A2BE500A48ECD /* Debug */ = {
			isa = XCBuildConfiguration;
			buildSettings = {
				ASSETCATALOG_COMPILER_APPICON_NAME = AppIcon;
				INFOPLIST_FILE = tableviewdemo/Info.plist;
				LD_RUNPATH_SEARCH_PATHS = "$(inherited) @executable_path/Frameworks";
				PRODUCT_BUNDLE_IDENTIFIER = org.youdian.tableviewdemo;
				PRODUCT_NAME = "$(TARGET_NAME)";
			};
			name = Debug;
		};
		7704B2921C0A2BE500A48ECD /* Release */ = {
			isa = XCBuildConfiguration;
			buildSettings = {
				ASSETCATALOG_COMPILER_APPICON_NAME = AppIcon;
				INFOPLIST_FILE = tableviewdemo/Info.plist;
				LD_RUNPATH_SEARCH_PATHS = "$(inherited) @executable_path/Frameworks";
				PRODUCT_BUNDLE_IDENTIFIER = org.youdian.tableviewdemo;
				PRODUCT_NAME = "$(TARGET_NAME)";
			};
			name = Release;
		};
		7704B2941C0A2BE500A48ECD /* Debug */ = {
			isa = XCBuildConfiguration;
			buildSettings = {
				BUNDLE_LOADER = "$(TEST_HOST)";
				INFOPLIST_FILE = tableviewdemoTests/Info.plist;
				LD_RUNPATH_SEARCH_PATHS = "$(inherited) @executable_path/Frameworks @loader_path/Frameworks";
				PRODUCT_BUNDLE_IDENTIFIER = org.youdian.tableviewdemoTests;
				PRODUCT_NAME = "$(TARGET_NAME)";
				TEST_HOST = "$(BUILT_PRODUCTS_DIR)/tableviewdemo.app/tableviewdemo";
			};
			name = Debug;
		};
		7704B2951C0A2BE500A48ECD /* Release */ = {
			isa = XCBuildConfiguration;
			buildSettings = {
				BUNDLE_LOADER = "$(TEST_HOST)";
				INFOPLIST_FILE = tableviewdemoTests/Info.plist;
				LD_RUNPATH_SEARCH_PATHS = "$(inherited) @executable_path/Frameworks @loader_path/Frameworks";
				PRODUCT_BUNDLE_IDENTIFIER = org.youdian.tableviewdemoTests;
				PRODUCT_NAME = "$(TARGET_NAME)";
				TEST_HOST = "$(BUILT_PRODUCTS_DIR)/tableviewdemo.app/tableviewdemo";
			};
			name = Release;
		};
		7704B2971C0A2BE500A48ECD /* Debug */ = {
			isa = XCBuildConfiguration;
			buildSettings = {
				INFOPLIST_FILE = tableviewdemoUITests/Info.plist;
				LD_RUNPATH_SEARCH_PATHS = "$(inherited) @executable_path/Frameworks @loader_path/Frameworks";
				PRODUCT_BUNDLE_IDENTIFIER = org.youdian.tableviewdemoUITests;
				PRODUCT_NAME = "$(TARGET_NAME)";
				TEST_TARGET_NAME = tableviewdemo;
				USES_XCTRUNNER = YES;
			};
			name = Debug;
		};
		7704B2981C0A2BE500A48ECD /* Release */ = {
			isa = XCBuildConfiguration;
			buildSettings = {
				INFOPLIST_FILE = tableviewdemoUITests/Info.plist;
				LD_RUNPATH_SEARCH_PATHS = "$(inherited) @executable_path/Frameworks @loader_path/Frameworks";
				PRODUCT_BUNDLE_IDENTIFIER = org.youdian.tableviewdemoUITests;
				PRODUCT_NAME = "$(TARGET_NAME)";
				TEST_TARGET_NAME = tableviewdemo;
				USES_XCTRUNNER = YES;
			};
			name = Release;
		};
/* End XCBuildConfiguration section */

/* Begin XCConfigurationList section */
		7704B2631C0A2BE500A48ECD /* Build configuration list for PBXProject "tableviewdemo" */ = {
			isa = XCConfigurationList;
			buildConfigurations = (
				7704B28E1C0A2BE500A48ECD /* Debug */,
				7704B28F1C0A2BE500A48ECD /* Release */,
			);
			defaultConfigurationIsVisible = 0;
			defaultConfigurationName = Release;
		};
		7704B2901C0A2BE500A48ECD /* Build configuration list for PBXNativeTarget "tableviewdemo" */ = {
			isa = XCConfigurationList;
			buildConfigurations = (
				7704B2911C0A2BE500A48ECD /* Debug */,
				7704B2921C0A2BE500A48ECD /* Release */,
			);
			defaultConfigurationIsVisible = 0;
			defaultConfigurationName = Release;
		};
		7704B2931C0A2BE500A48ECD /* Build configuration list for PBXNativeTarget "tableviewdemoTests" */ = {
			isa = XCConfigurationList;
			buildConfigurations = (
				7704B2941C0A2BE500A48ECD /* Debug */,
				7704B2951C0A2BE500A48ECD /* Release */,
			);
			defaultConfigurationIsVisible = 0;
			defaultConfigurationName = Release;
		};
		7704B2961C0A2BE500A48ECD /* Build configuration list for PBXNativeTarget "tableviewdemoUITests" */ = {
			isa = XCConfigurationList;
			buildConfigurations = (
				7704B2971C0A2BE500A48ECD /* Debug */,
				7704B2981C0A2BE500A48ECD /* Release */,
			);
			defaultConfigurationIsVisible = 0;
			defaultConfigurationName = Release;
		};
/* End XCConfigurationList section */
	};
	rootObject = 7704B2601C0A2BE500A48ECD /* Project object */;
}
