// !$*UTF8*$!
{
	archiveVersion = 1;
	classes = {
	};
	objectVersion = 46;
	objects = {

/* Begin PBXBuildFile section */
		77E75DDC1ACC48C2005F6BFD /* structure.plist in Resources */ = {isa = PBXBuildFile; fileRef = 77E75DDB1ACC48C2005F6BFD /* structure.plist */; };
		77F5CDBC1AC7B5380016B8EA /* AppDelegate.swift in Sources */ = {isa = PBXBuildFile; fileRef = 77F5CDBB1AC7B5380016B8EA /* AppDelegate.swift */; };
		77F5CDBF1AC7B5380016B8EA /* Demos.xcdatamodeld in Sources */ = {isa = PBXBuildFile; fileRef = 77F5CDBD1AC7B5380016B8EA /* Demos.xcdatamodeld */; };
		77F5CDC11AC7B5380016B8EA /* ViewController.swift in Sources */ = {isa = PBXBuildFile; fileRef = 77F5CDC01AC7B5380016B8EA /* ViewController.swift */; };
		77F5CDC41AC7B5380016B8EA /* Main.storyboard in Resources */ = {isa = PBXBuildFile; fileRef = 77F5CDC21AC7B5380016B8EA /* Main.storyboard */; };
		77F5CDC61AC7B5380016B8EA /* Images.xcassets in Resources */ = {isa = PBXBuildFile; fileRef = 77F5CDC51AC7B5380016B8EA /* Images.xcassets */; };
		77F5CDC91AC7B5380016B8EA /* LaunchScreen.xib in Resources */ = {isa = PBXBuildFile; fileRef = 77F5CDC71AC7B5380016B8EA /* LaunchScreen.xib */; };
		77F5CDD51AC7B5380016B8EA /* DemosTests.swift in Sources */ = {isa = PBXBuildFile; fileRef = 77F5CDD41AC7B5380016B8EA /* DemosTests.swift */; };
/* End PBXBuildFile section */

/* Begin PBXContainerItemProxy section */
		77F5CDCF1AC7B5380016B8EA /* PBXContainerItemProxy */ = {
			isa = PBXContainerItemProxy;
			containerPortal = 77F5CDAE1AC7B5380016B8EA /* Project object */;
			proxyType = 1;
			remoteGlobalIDString = 77F5CDB51AC7B5380016B8EA;
			remoteInfo = Demos;
		};
/* End PBXContainerItemProxy section */

/* Begin PBXFileReference section */
		77E75DDB1ACC48C2005F6BFD /* structure.plist */ = {isa = PBXFileReference; fileEncoding = 4; lastKnownFileType = text.plist.xml; path = structure.plist; sourceTree = "<group>"; };
		77F5CDB61AC7B5380016B8EA /* Demos.app */ = {isa = PBXFileReference; explicitFileType = wrapper.application; includeInIndex = 0; path = Demos.app; sourceTree = BUILT_PRODUCTS_DIR; };
		77F5CDBA1AC7B5380016B8EA /* Info.plist */ = {isa = PBXFileReference; lastKnownFileType = text.plist.xml; path = Info.plist; sourceTree = "<group>"; };
		77F5CDBB1AC7B5380016B8EA /* AppDelegate.swift */ = {isa = PBXFileReference; lastKnownFileType = sourcecode.swift; path = AppDelegate.swift; sourceTree = "<group>"; };
		77F5CDBE1AC7B5380016B8EA /* Demos.xcdatamodel */ = {isa = PBXFileReference; lastKnownFileType = wrapper.xcdatamodel; path = Demos.xcdatamodel; sourceTree = "<group>"; };
		77F5CDC01AC7B5380016B8EA /* ViewController.swift */ = {isa = PBXFileReference; lastKnownFileType = sourcecode.swift; path = ViewController.swift; sourceTree = "<group>"; };
		77F5CDC31AC7B5380016B8EA /* Base */ = {isa = PBXFileReference; lastKnownFileType = file.storyboard; name = Base; path = Base.lproj/Main.storyboard; sourceTree = "<group>"; };
		77F5CDC51AC7B5380016B8EA /* Images.xcassets */ = {isa = PBXFileReference; lastKnownFileType = folder.assetcatalog; path = Images.xcassets; sourceTree = "<group>"; };
		77F5CDC81AC7B5380016B8EA /* Base */ = {isa = PBXFileReference; lastKnownFileType = file.xib; name = Base; path = Base.lproj/LaunchScreen.xib; sourceTree = "<group>"; };
		77F5CDCE1AC7B5380016B8EA /* DemosTests.xctest */ = {isa = PBXFileReference; explicitFileType = wrapper.cfbundle; includeInIndex = 0; path = DemosTests.xctest; sourceTree = BUILT_PRODUCTS_DIR; };
		77F5CDD31AC7B5380016B8EA /* Info.plist */ = {isa = PBXFileReference; lastKnownFileType = text.plist.xml; path = Info.plist; sourceTree = "<group>"; };
		77F5CDD41AC7B5380016B8EA /* DemosTests.swift */ = {isa = PBXFileReference; lastKnownFileType = sourcecode.swift; path = DemosTests.swift; sourceTree = "<group>"; };
/* End PBXFileReference section */

/* Begin PBXFrameworksBuildPhase section */
		77F5CDB31AC7B5380016B8EA /* Frameworks */ = {
			isa = PBXFrameworksBuildPhase;
			buildActionMask = 2147483647;
			files = (
			);
			runOnlyForDeploymentPostprocessing = 0;
		};
		77F5CDCB1AC7B5380016B8EA /* Frameworks */ = {
			isa = PBXFrameworksBuildPhase;
			buildActionMask = 2147483647;
			files = (
			);
			runOnlyForDeploymentPostprocessing = 0;
		};
/* End PBXFrameworksBuildPhase section */

/* Begin PBXGroup section */
		77F5CDAD1AC7B5380016B8EA = {
			isa = PBXGroup;
			children = (
				77F5CDB81AC7B5380016B8EA /* Demos */,
				77F5CDD11AC7B5380016B8EA /* DemosTests */,
				77F5CDB71AC7B5380016B8EA /* Products */,
			);
			sourceTree = "<group>";
		};
		77F5CDB71AC7B5380016B8EA /* Products */ = {
			isa = PBXGroup;
			children = (
				77F5CDB61AC7B5380016B8EA /* Demos.app */,
				77F5CDCE1AC7B5380016B8EA /* DemosTests.xctest */,
			);
			name = Products;
			sourceTree = "<group>";
		};
		77F5CDB81AC7B5380016B8EA /* Demos */ = {
			isa = PBXGroup;
			children = (
				77F5CDBB1AC7B5380016B8EA /* AppDelegate.swift */,
				77F5CDC01AC7B5380016B8EA /* ViewController.swift */,
				77F5CDC21AC7B5380016B8EA /* Main.storyboard */,
				77F5CDC51AC7B5380016B8EA /* Images.xcassets */,
				77F5CDC71AC7B5380016B8EA /* LaunchScreen.xib */,
				77F5CDBD1AC7B5380016B8EA /* Demos.xcdatamodeld */,
				77F5CDB91AC7B5380016B8EA /* Supporting Files */,
			);
			path = Demos;
			sourceTree = "<group>";
		};
		77F5CDB91AC7B5380016B8EA /* Supporting Files */ = {
			isa = PBXGroup;
			children = (
				77F5CDBA1AC7B5380016B8EA /* Info.plist */,
				77E75DDB1ACC48C2005F6BFD /* structure.plist */,
			);
			name = "Supporting Files";
			sourceTree = "<group>";
		};
		77F5CDD11AC7B5380016B8EA /* DemosTests */ = {
			isa = PBXGroup;
			children = (
				77F5CDD41AC7B5380016B8EA /* DemosTests.swift */,
				77F5CDD21AC7B5380016B8EA /* Supporting Files */,
			);
			path = DemosTests;
			sourceTree = "<group>";
		};
		77F5CDD21AC7B5380016B8EA /* Supporting Files */ = {
			isa = PBXGroup;
			children = (
				77F5CDD31AC7B5380016B8EA /* Info.plist */,
			);
			name = "Supporting Files";
			sourceTree = "<group>";
		};
/* End PBXGroup section */

/* Begin PBXNativeTarget section */
		77F5CDB51AC7B5380016B8EA /* Demos */ = {
			isa = PBXNativeTarget;
			buildConfigurationList = 77F5CDD81AC7B5380016B8EA /* Build configuration list for PBXNativeTarget "Demos" */;
			buildPhases = (
				77F5CDB21AC7B5380016B8EA /* Sources */,
				77F5CDB31AC7B5380016B8EA /* Frameworks */,
				77F5CDB41AC7B5380016B8EA /* Resources */,
			);
			buildRules = (
			);
			dependencies = (
			);
			name = Demos;
			productName = Demos;
			productReference = 77F5CDB61AC7B5380016B8EA /* Demos.app */;
			productType = "com.apple.product-type.application";
		};
		77F5CDCD1AC7B5380016B8EA /* DemosTests */ = {
			isa = PBXNativeTarget;
			buildConfigurationList = 77F5CDDB1AC7B5380016B8EA /* Build configuration list for PBXNativeTarget "DemosTests" */;
			buildPhases = (
				77F5CDCA1AC7B5380016B8EA /* Sources */,
				77F5CDCB1AC7B5380016B8EA /* Frameworks */,
				77F5CDCC1AC7B5380016B8EA /* Resources */,
			);
			buildRules = (
			);
			dependencies = (
				77F5CDD01AC7B5380016B8EA /* PBXTargetDependency */,
			);
			name = DemosTests;
			productName = DemosTests;
			productReference = 77F5CDCE1AC7B5380016B8EA /* DemosTests.xctest */;
			productType = "com.apple.product-type.bundle.unit-test";
		};
/* End PBXNativeTarget section */

/* Begin PBXProject section */
		77F5CDAE1AC7B5380016B8EA /* Project object */ = {
			isa = PBXProject;
			attributes = {
				LastUpgradeCheck = 0620;
				ORGANIZATIONNAME = "zhou zhou";
				TargetAttributes = {
					77F5CDB51AC7B5380016B8EA = {
						CreatedOnToolsVersion = 6.2;
					};
					77F5CDCD1AC7B5380016B8EA = {
						CreatedOnToolsVersion = 6.2;
						TestTargetID = 77F5CDB51AC7B5380016B8EA;
					};
				};
			};
			buildConfigurationList = 77F5CDB11AC7B5380016B8EA /* Build configuration list for PBXProject "Demos" */;
			compatibilityVersion = "Xcode 3.2";
			developmentRegion = English;
			hasScannedForEncodings = 0;
			knownRegions = (
				en,
				Base,
			);
			mainGroup = 77F5CDAD1AC7B5380016B8EA;
			productRefGroup = 77F5CDB71AC7B5380016B8EA /* Products */;
			projectDirPath = "";
			projectRoot = "";
			targets = (
				77F5CDB51AC7B5380016B8EA /* Demos */,
				77F5CDCD1AC7B5380016B8EA /* DemosTests */,
			);
		};
/* End PBXProject section */

/* Begin PBXResourcesBuildPhase section */
		77F5CDB41AC7B5380016B8EA /* Resources */ = {
			isa = PBXResourcesBuildPhase;
			buildActionMask = 2147483647;
			files = (
				77F5CDC41AC7B5380016B8EA /* Main.storyboard in Resources */,
				77F5CDC91AC7B5380016B8EA /* LaunchScreen.xib in Resources */,
				77E75DDC1ACC48C2005F6BFD /* structure.plist in Resources */,
				77F5CDC61AC7B5380016B8EA /* Images.xcassets in Resources */,
			);
			runOnlyForDeploymentPostprocessing = 0;
		};
		77F5CDCC1AC7B5380016B8EA /* Resources */ = {
			isa = PBXResourcesBuildPhase;
			buildActionMask = 2147483647;
			files = (
			);
			runOnlyForDeploymentPostprocessing = 0;
		};
/* End PBXResourcesBuildPhase section */

/* Begin PBXSourcesBuildPhase section */
		77F5CDB21AC7B5380016B8EA /* Sources */ = {
			isa = PBXSourcesBuildPhase;
			buildActionMask = 2147483647;
			files = (
				77F5CDC11AC7B5380016B8EA /* ViewController.swift in Sources */,
				77F5CDBF1AC7B5380016B8EA /* Demos.xcdatamodeld in Sources */,
				77F5CDBC1AC7B5380016B8EA /* AppDelegate.swift in Sources */,
			);
			runOnlyForDeploymentPostprocessing = 0;
		};
		77F5CDCA1AC7B5380016B8EA /* Sources */ = {
			isa = PBXSourcesBuildPhase;
			buildActionMask = 2147483647;
			files = (
				77F5CDD51AC7B5380016B8EA /* DemosTests.swift in Sources */,
			);
			runOnlyForDeploymentPostprocessing = 0;
		};
/* End PBXSourcesBuildPhase section */

/* Begin PBXTargetDependency section */
		77F5CDD01AC7B5380016B8EA /* PBXTargetDependency */ = {
			isa = PBXTargetDependency;
			target = 77F5CDB51AC7B5380016B8EA /* Demos */;
			targetProxy = 77F5CDCF1AC7B5380016B8EA /* PBXContainerItemProxy */;
		};
/* End PBXTargetDependency section */

/* Begin PBXVariantGroup section */
		77F5CDC21AC7B5380016B8EA /* Main.storyboard */ = {
			isa = PBXVariantGroup;
			children = (
				77F5CDC31AC7B5380016B8EA /* Base */,
			);
			name = Main.storyboard;
			sourceTree = "<group>";
		};
		77F5CDC71AC7B5380016B8EA /* LaunchScreen.xib */ = {
			isa = PBXVariantGroup;
			children = (
				77F5CDC81AC7B5380016B8EA /* Base */,
			);
			name = LaunchScreen.xib;
			sourceTree = "<group>";
		};
/* End PBXVariantGroup section */

/* Begin XCBuildConfiguration section */
		77F5CDD61AC7B5380016B8EA /* Debug */ = {
			isa = XCBuildConfiguration;
			buildSettings = {
				ALWAYS_SEARCH_USER_PATHS = NO;
				CLANG_CXX_LANGUAGE_STANDARD = "gnu++0x";
				CLANG_CXX_LIBRARY = "libc++";
				CLANG_ENABLE_MODULES = YES;
				CLANG_ENABLE_OBJC_ARC = YES;
				CLANG_WARN_BOOL_CONVERSION = YES;
				CLANG_WARN_CONSTANT_CONVERSION = YES;
				CLANG_WARN_DIRECT_OBJC_ISA_USAGE = YES_ERROR;
				CLANG_WARN_EMPTY_BODY = YES;
				CLANG_WARN_ENUM_CONVERSION = YES;
				CLANG_WARN_INT_CONVERSION = YES;
				CLANG_WARN_OBJC_ROOT_CLASS = YES_ERROR;
				CLANG_WARN_UNREACHABLE_CODE = YES;
				CLANG_WARN__DUPLICATE_METHOD_MATCH = YES;
				"CODE_SIGN_IDENTITY[sdk=iphoneos*]" = "iPhone Developer";
				COPY_PHASE_STRIP = NO;
				ENABLE_STRICT_OBJC_MSGSEND = YES;
				GCC_C_LANGUAGE_STANDARD = gnu99;
				GCC_DYNAMIC_NO_PIC = NO;
				GCC_OPTIMIZATION_LEVEL = 0;
				GCC_PREPROCESSOR_DEFINITIONS = (
					"DEBUG=1",
					"$(inherited)",
				);
				GCC_SYMBOLS_PRIVATE_EXTERN = NO;
				GCC_WARN_64_TO_32_BIT_CONVERSION = YES;
				GCC_WARN_ABOUT_RETURN_TYPE = YES_ERROR;
				GCC_WARN_UNDECLARED_SELECTOR = YES;
				GCC_WARN_UNINITIALIZED_AUTOS = YES_AGGRESSIVE;
				GCC_WARN_UNUSED_FUNCTION = YES;
				GCC_WARN_UNUSED_VARIABLE = YES;
				IPHONEOS_DEPLOYMENT_TARGET = 8.2;
				MTL_ENABLE_DEBUG_INFO = YES;
				ONLY_ACTIVE_ARCH = YES;
				SDKROOT = iphoneos;
				SWIFT_OPTIMIZATION_LEVEL = "-Onone";
			};
			name = Debug;
		};
		77F5CDD71AC7B5380016B8EA /* Release */ = {
			isa = XCBuildConfiguration;
			buildSettings = {
				ALWAYS_SEARCH_USER_PATHS = NO;
				CLANG_CXX_LANGUAGE_STANDARD = "gnu++0x";
				CLANG_CXX_LIBRARY = "libc++";
				CLANG_ENABLE_MODULES = YES;
				CLANG_ENABLE_OBJC_ARC = YES;
				CLANG_WARN_BOOL_CONVERSION = YES;
				CLANG_WARN_CONSTANT_CONVERSION = YES;
				CLANG_WARN_DIRECT_OBJC_ISA_USAGE = YES_ERROR;
				CLANG_WARN_EMPTY_BODY = YES;
				CLANG_WARN_ENUM_CONVERSION = YES;
				CLANG_WARN_INT_CONVERSION = YES;
				CLANG_WARN_OBJC_ROOT_CLASS = YES_ERROR;
				CLANG_WARN_UNREACHABLE_CODE = YES;
				CLANG_WARN__DUPLICATE_METHOD_MATCH = YES;
				"CODE_SIGN_IDENTITY[sdk=iphoneos*]" = "iPhone Developer";
				COPY_PHASE_STRIP = NO;
				ENABLE_NS_ASSERTIONS = NO;
				ENABLE_STRICT_OBJC_MSGSEND = YES;
				GCC_C_LANGUAGE_STANDARD = gnu99;
				GCC_WARN_64_TO_32_BIT_CONVERSION = YES;
				GCC_WARN_ABOUT_RETURN_TYPE = YES_ERROR;
				GCC_WARN_UNDECLARED_SELECTOR = YES;
				GCC_WARN_UNINITIALIZED_AUTOS = YES_AGGRESSIVE;
				GCC_WARN_UNUSED_FUNCTION = YES;
				GCC_WARN_UNUSED_VARIABLE = YES;
				IPHONEOS_DEPLOYMENT_TARGET = 8.2;
				MTL_ENABLE_DEBUG_INFO = NO;
				SDKROOT = iphoneos;
				VALIDATE_PRODUCT = YES;
			};
			name = Release;
		};
		77F5CDD91AC7B5380016B8EA /* Debug */ = {
			isa = XCBuildConfiguration;
			buildSettings = {
				ASSETCATALOG_COMPILER_APPICON_NAME = AppIcon;
				INFOPLIST_FILE = Demos/Info.plist;
				LD_RUNPATH_SEARCH_PATHS = "$(inherited) @executable_path/Frameworks";
				PRODUCT_NAME = "$(TARGET_NAME)";
			};
			name = Debug;
		};
		77F5CDDA1AC7B5380016B8EA /* Release */ = {
			isa = XCBuildConfiguration;
			buildSettings = {
				ASSETCATALOG_COMPILER_APPICON_NAME = AppIcon;
				INFOPLIST_FILE = Demos/Info.plist;
				LD_RUNPATH_SEARCH_PATHS = "$(inherited) @executable_path/Frameworks";
				PRODUCT_NAME = "$(TARGET_NAME)";
			};
			name = Release;
		};
		77F5CDDC1AC7B5380016B8EA /* Debug */ = {
			isa = XCBuildConfiguration;
			buildSettings = {
				BUNDLE_LOADER = "$(TEST_HOST)";
				FRAMEWORK_SEARCH_PATHS = (
					"$(SDKROOT)/Developer/Library/Frameworks",
					"$(inherited)",
				);
				GCC_PREPROCESSOR_DEFINITIONS = (
					"DEBUG=1",
					"$(inherited)",
				);
				INFOPLIST_FILE = DemosTests/Info.plist;
				LD_RUNPATH_SEARCH_PATHS = "$(inherited) @executable_path/Frameworks @loader_path/Frameworks";
				PRODUCT_NAME = "$(TARGET_NAME)";
				TEST_HOST = "$(BUILT_PRODUCTS_DIR)/Demos.app/Demos";
			};
			name = Debug;
		};
		77F5CDDD1AC7B5380016B8EA /* Release */ = {
			isa = XCBuildConfiguration;
			buildSettings = {
				BUNDLE_LOADER = "$(TEST_HOST)";
				FRAMEWORK_SEARCH_PATHS = (
					"$(SDKROOT)/Developer/Library/Frameworks",
					"$(inherited)",
				);
				INFOPLIST_FILE = DemosTests/Info.plist;
				LD_RUNPATH_SEARCH_PATHS = "$(inherited) @executable_path/Frameworks @loader_path/Frameworks";
				PRODUCT_NAME = "$(TARGET_NAME)";
				TEST_HOST = "$(BUILT_PRODUCTS_DIR)/Demos.app/Demos";
			};
			name = Release;
		};
/* End XCBuildConfiguration section */

/* Begin XCConfigurationList section */
		77F5CDB11AC7B5380016B8EA /* Build configuration list for PBXProject "Demos" */ = {
			isa = XCConfigurationList;
			buildConfigurations = (
				77F5CDD61AC7B5380016B8EA /* Debug */,
				77F5CDD71AC7B5380016B8EA /* Release */,
			);
			defaultConfigurationIsVisible = 0;
			defaultConfigurationName = Release;
		};
		77F5CDD81AC7B5380016B8EA /* Build configuration list for PBXNativeTarget "Demos" */ = {
			isa = XCConfigurationList;
			buildConfigurations = (
				77F5CDD91AC7B5380016B8EA /* Debug */,
				77F5CDDA1AC7B5380016B8EA /* Release */,
			);
			defaultConfigurationIsVisible = 0;
			defaultConfigurationName = Release;
		};
		77F5CDDB1AC7B5380016B8EA /* Build configuration list for PBXNativeTarget "DemosTests" */ = {
			isa = XCConfigurationList;
			buildConfigurations = (
				77F5CDDC1AC7B5380016B8EA /* Debug */,
				77F5CDDD1AC7B5380016B8EA /* Release */,
			);
			defaultConfigurationIsVisible = 0;
			defaultConfigurationName = Release;
		};
/* End XCConfigurationList section */

/* Begin XCVersionGroup section */
		77F5CDBD1AC7B5380016B8EA /* Demos.xcdatamodeld */ = {
			isa = XCVersionGroup;
			children = (
				77F5CDBE1AC7B5380016B8EA /* Demos.xcdatamodel */,
			);
			currentVersion = 77F5CDBE1AC7B5380016B8EA /* Demos.xcdatamodel */;
			path = Demos.xcdatamodeld;
			sourceTree = "<group>";
			versionGroupType = wrapper.xcdatamodel;
		};
/* End XCVersionGroup section */
	};
	rootObject = 77F5CDAE1AC7B5380016B8EA /* Project object */;
}
