// !$*UTF8*$!
{
	archiveVersion = 1;
	classes = {
	};
	objectVersion = 46;
	objects = {

/* Begin PBXBuildFile section */
		77CB6AEF1B6CF81400D586D9 /* ColorViewController.swift in Sources */ = {isa = PBXBuildFile; fileRef = 77CB6AEE1B6CF81400D586D9 /* ColorViewController.swift */; };
		77EA97D71B6CBD00001586B7 /* AppDelegate.swift in Sources */ = {isa = PBXBuildFile; fileRef = 77EA97D61B6CBD00001586B7 /* AppDelegate.swift */; };
		77EA97D91B6CBD00001586B7 /* ViewController.swift in Sources */ = {isa = PBXBuildFile; fileRef = 77EA97D81B6CBD00001586B7 /* ViewController.swift */; };
		77EA97DC1B6CBD00001586B7 /* Main.storyboard in Resources */ = {isa = PBXBuildFile; fileRef = 77EA97DA1B6CBD00001586B7 /* Main.storyboard */; };
		77EA97DE1B6CBD00001586B7 /* Images.xcassets in Resources */ = {isa = PBXBuildFile; fileRef = 77EA97DD1B6CBD00001586B7 /* Images.xcassets */; };
		77EA97E11B6CBD00001586B7 /* LaunchScreen.xib in Resources */ = {isa = PBXBuildFile; fileRef = 77EA97DF1B6CBD00001586B7 /* LaunchScreen.xib */; };
		77EA97ED1B6CBD00001586B7 /* pageviewTests.swift in Sources */ = {isa = PBXBuildFile; fileRef = 77EA97EC1B6CBD00001586B7 /* pageviewTests.swift */; };
/* End PBXBuildFile section */

/* Begin PBXContainerItemProxy section */
		77EA97E71B6CBD00001586B7 /* PBXContainerItemProxy */ = {
			isa = PBXContainerItemProxy;
			containerPortal = 77EA97C91B6CBD00001586B7 /* Project object */;
			proxyType = 1;
			remoteGlobalIDString = 77EA97D01B6CBD00001586B7;
			remoteInfo = pageview;
		};
/* End PBXContainerItemProxy section */

/* Begin PBXFileReference section */
		77CB6AEE1B6CF81400D586D9 /* ColorViewController.swift */ = {isa = PBXFileReference; fileEncoding = 4; lastKnownFileType = sourcecode.swift; path = ColorViewController.swift; sourceTree = "<group>"; };
		77EA97D11B6CBD00001586B7 /* pageview.app */ = {isa = PBXFileReference; explicitFileType = wrapper.application; includeInIndex = 0; path = pageview.app; sourceTree = BUILT_PRODUCTS_DIR; };
		77EA97D51B6CBD00001586B7 /* Info.plist */ = {isa = PBXFileReference; lastKnownFileType = text.plist.xml; path = Info.plist; sourceTree = "<group>"; };
		77EA97D61B6CBD00001586B7 /* AppDelegate.swift */ = {isa = PBXFileReference; lastKnownFileType = sourcecode.swift; path = AppDelegate.swift; sourceTree = "<group>"; };
		77EA97D81B6CBD00001586B7 /* ViewController.swift */ = {isa = PBXFileReference; lastKnownFileType = sourcecode.swift; path = ViewController.swift; sourceTree = "<group>"; };
		77EA97DB1B6CBD00001586B7 /* Base */ = {isa = PBXFileReference; lastKnownFileType = file.storyboard; name = Base; path = Base.lproj/Main.storyboard; sourceTree = "<group>"; };
		77EA97DD1B6CBD00001586B7 /* Images.xcassets */ = {isa = PBXFileReference; lastKnownFileType = folder.assetcatalog; path = Images.xcassets; sourceTree = "<group>"; };
		77EA97E01B6CBD00001586B7 /* Base */ = {isa = PBXFileReference; lastKnownFileType = file.xib; name = Base; path = Base.lproj/LaunchScreen.xib; sourceTree = "<group>"; };
		77EA97E61B6CBD00001586B7 /* pageviewTests.xctest */ = {isa = PBXFileReference; explicitFileType = wrapper.cfbundle; includeInIndex = 0; path = pageviewTests.xctest; sourceTree = BUILT_PRODUCTS_DIR; };
		77EA97EB1B6CBD00001586B7 /* Info.plist */ = {isa = PBXFileReference; lastKnownFileType = text.plist.xml; path = Info.plist; sourceTree = "<group>"; };
		77EA97EC1B6CBD00001586B7 /* pageviewTests.swift */ = {isa = PBXFileReference; lastKnownFileType = sourcecode.swift; path = pageviewTests.swift; sourceTree = "<group>"; };
/* End PBXFileReference section */

/* Begin PBXFrameworksBuildPhase section */
		77EA97CE1B6CBD00001586B7 /* Frameworks */ = {
			isa = PBXFrameworksBuildPhase;
			buildActionMask = 2147483647;
			files = (
			);
			runOnlyForDeploymentPostprocessing = 0;
		};
		77EA97E31B6CBD00001586B7 /* Frameworks */ = {
			isa = PBXFrameworksBuildPhase;
			buildActionMask = 2147483647;
			files = (
			);
			runOnlyForDeploymentPostprocessing = 0;
		};
/* End PBXFrameworksBuildPhase section */

/* Begin PBXGroup section */
		77EA97C81B6CBD00001586B7 = {
			isa = PBXGroup;
			children = (
				77EA97D31B6CBD00001586B7 /* pageview */,
				77EA97E91B6CBD00001586B7 /* pageviewTests */,
				77EA97D21B6CBD00001586B7 /* Products */,
			);
			sourceTree = "<group>";
		};
		77EA97D21B6CBD00001586B7 /* Products */ = {
			isa = PBXGroup;
			children = (
				77EA97D11B6CBD00001586B7 /* pageview.app */,
				77EA97E61B6CBD00001586B7 /* pageviewTests.xctest */,
			);
			name = Products;
			sourceTree = "<group>";
		};
		77EA97D31B6CBD00001586B7 /* pageview */ = {
			isa = PBXGroup;
			children = (
				77EA97D61B6CBD00001586B7 /* AppDelegate.swift */,
				77EA97D81B6CBD00001586B7 /* ViewController.swift */,
				77EA97DA1B6CBD00001586B7 /* Main.storyboard */,
				77EA97DD1B6CBD00001586B7 /* Images.xcassets */,
				77EA97DF1B6CBD00001586B7 /* LaunchScreen.xib */,
				77EA97D41B6CBD00001586B7 /* Supporting Files */,
				77CB6AEE1B6CF81400D586D9 /* ColorViewController.swift */,
			);
			path = pageview;
			sourceTree = "<group>";
		};
		77EA97D41B6CBD00001586B7 /* Supporting Files */ = {
			isa = PBXGroup;
			children = (
				77EA97D51B6CBD00001586B7 /* Info.plist */,
			);
			name = "Supporting Files";
			sourceTree = "<group>";
		};
		77EA97E91B6CBD00001586B7 /* pageviewTests */ = {
			isa = PBXGroup;
			children = (
				77EA97EC1B6CBD00001586B7 /* pageviewTests.swift */,
				77EA97EA1B6CBD00001586B7 /* Supporting Files */,
			);
			path = pageviewTests;
			sourceTree = "<group>";
		};
		77EA97EA1B6CBD00001586B7 /* Supporting Files */ = {
			isa = PBXGroup;
			children = (
				77EA97EB1B6CBD00001586B7 /* Info.plist */,
			);
			name = "Supporting Files";
			sourceTree = "<group>";
		};
/* End PBXGroup section */

/* Begin PBXNativeTarget section */
		77EA97D01B6CBD00001586B7 /* pageview */ = {
			isa = PBXNativeTarget;
			buildConfigurationList = 77EA97F01B6CBD00001586B7 /* Build configuration list for PBXNativeTarget "pageview" */;
			buildPhases = (
				77EA97CD1B6CBD00001586B7 /* Sources */,
				77EA97CE1B6CBD00001586B7 /* Frameworks */,
				77EA97CF1B6CBD00001586B7 /* Resources */,
			);
			buildRules = (
			);
			dependencies = (
			);
			name = pageview;
			productName = pageview;
			productReference = 77EA97D11B6CBD00001586B7 /* pageview.app */;
			productType = "com.apple.product-type.application";
		};
		77EA97E51B6CBD00001586B7 /* pageviewTests */ = {
			isa = PBXNativeTarget;
			buildConfigurationList = 77EA97F31B6CBD00001586B7 /* Build configuration list for PBXNativeTarget "pageviewTests" */;
			buildPhases = (
				77EA97E21B6CBD00001586B7 /* Sources */,
				77EA97E31B6CBD00001586B7 /* Frameworks */,
				77EA97E41B6CBD00001586B7 /* Resources */,
			);
			buildRules = (
			);
			dependencies = (
				77EA97E81B6CBD00001586B7 /* PBXTargetDependency */,
			);
			name = pageviewTests;
			productName = pageviewTests;
			productReference = 77EA97E61B6CBD00001586B7 /* pageviewTests.xctest */;
			productType = "com.apple.product-type.bundle.unit-test";
		};
/* End PBXNativeTarget section */

/* Begin PBXProject section */
		77EA97C91B6CBD00001586B7 /* Project object */ = {
			isa = PBXProject;
			attributes = {
				LastUpgradeCheck = 0640;
				ORGANIZATIONNAME = youdian.org;
				TargetAttributes = {
					77EA97D01B6CBD00001586B7 = {
						CreatedOnToolsVersion = 6.4;
					};
					77EA97E51B6CBD00001586B7 = {
						CreatedOnToolsVersion = 6.4;
						TestTargetID = 77EA97D01B6CBD00001586B7;
					};
				};
			};
			buildConfigurationList = 77EA97CC1B6CBD00001586B7 /* Build configuration list for PBXProject "pageview" */;
			compatibilityVersion = "Xcode 3.2";
			developmentRegion = English;
			hasScannedForEncodings = 0;
			knownRegions = (
				en,
				Base,
			);
			mainGroup = 77EA97C81B6CBD00001586B7;
			productRefGroup = 77EA97D21B6CBD00001586B7 /* Products */;
			projectDirPath = "";
			projectRoot = "";
			targets = (
				77EA97D01B6CBD00001586B7 /* pageview */,
				77EA97E51B6CBD00001586B7 /* pageviewTests */,
			);
		};
/* End PBXProject section */

/* Begin PBXResourcesBuildPhase section */
		77EA97CF1B6CBD00001586B7 /* Resources */ = {
			isa = PBXResourcesBuildPhase;
			buildActionMask = 2147483647;
			files = (
				77EA97DC1B6CBD00001586B7 /* Main.storyboard in Resources */,
				77EA97E11B6CBD00001586B7 /* LaunchScreen.xib in Resources */,
				77EA97DE1B6CBD00001586B7 /* Images.xcassets in Resources */,
			);
			runOnlyForDeploymentPostprocessing = 0;
		};
		77EA97E41B6CBD00001586B7 /* Resources */ = {
			isa = PBXResourcesBuildPhase;
			buildActionMask = 2147483647;
			files = (
			);
			runOnlyForDeploymentPostprocessing = 0;
		};
/* End PBXResourcesBuildPhase section */

/* Begin PBXSourcesBuildPhase section */
		77EA97CD1B6CBD00001586B7 /* Sources */ = {
			isa = PBXSourcesBuildPhase;
			buildActionMask = 2147483647;
			files = (
				77EA97D91B6CBD00001586B7 /* ViewController.swift in Sources */,
				77CB6AEF1B6CF81400D586D9 /* ColorViewController.swift in Sources */,
				77EA97D71B6CBD00001586B7 /* AppDelegate.swift in Sources */,
			);
			runOnlyForDeploymentPostprocessing = 0;
		};
		77EA97E21B6CBD00001586B7 /* Sources */ = {
			isa = PBXSourcesBuildPhase;
			buildActionMask = 2147483647;
			files = (
				77EA97ED1B6CBD00001586B7 /* pageviewTests.swift in Sources */,
			);
			runOnlyForDeploymentPostprocessing = 0;
		};
/* End PBXSourcesBuildPhase section */

/* Begin PBXTargetDependency section */
		77EA97E81B6CBD00001586B7 /* PBXTargetDependency */ = {
			isa = PBXTargetDependency;
			target = 77EA97D01B6CBD00001586B7 /* pageview */;
			targetProxy = 77EA97E71B6CBD00001586B7 /* PBXContainerItemProxy */;
		};
/* End PBXTargetDependency section */

/* Begin PBXVariantGroup section */
		77EA97DA1B6CBD00001586B7 /* Main.storyboard */ = {
			isa = PBXVariantGroup;
			children = (
				77EA97DB1B6CBD00001586B7 /* Base */,
			);
			name = Main.storyboard;
			sourceTree = "<group>";
		};
		77EA97DF1B6CBD00001586B7 /* LaunchScreen.xib */ = {
			isa = PBXVariantGroup;
			children = (
				77EA97E01B6CBD00001586B7 /* Base */,
			);
			name = LaunchScreen.xib;
			sourceTree = "<group>";
		};
/* End PBXVariantGroup section */

/* Begin XCBuildConfiguration section */
		77EA97EE1B6CBD00001586B7 /* Debug */ = {
			isa = XCBuildConfiguration;
			buildSettings = {
				ALWAYS_SEARCH_USER_PATHS = NO;
				CLANG_CXX_LANGUAGE_STANDARD = "gnu++0x";
				CLANG_CXX_LIBRARY = "libc++";
				CLANG_ENABLE_MODULES = YES;
				CLANG_ENABLE_OBJC_ARC = YES;
				CLANG_WARN_BOOL_CONVERSION = YES;
				CLANG_WARN_CONSTANT_CONVERSION = YES;
				CLANG_WARN_DIRECT_OBJC_ISA_USAGE = YES_ERROR;
				CLANG_WARN_EMPTY_BODY = YES;
				CLANG_WARN_ENUM_CONVERSION = YES;
				CLANG_WARN_INT_CONVERSION = YES;
				CLANG_WARN_OBJC_ROOT_CLASS = YES_ERROR;
				CLANG_WARN_UNREACHABLE_CODE = YES;
				CLANG_WARN__DUPLICATE_METHOD_MATCH = YES;
				"CODE_SIGN_IDENTITY[sdk=iphoneos*]" = "iPhone Developer";
				COPY_PHASE_STRIP = NO;
				DEBUG_INFORMATION_FORMAT = "dwarf-with-dsym";
				ENABLE_STRICT_OBJC_MSGSEND = YES;
				GCC_C_LANGUAGE_STANDARD = gnu99;
				GCC_DYNAMIC_NO_PIC = NO;
				GCC_NO_COMMON_BLOCKS = YES;
				GCC_OPTIMIZATION_LEVEL = 0;
				GCC_PREPROCESSOR_DEFINITIONS = (
					"DEBUG=1",
					"$(inherited)",
				);
				GCC_SYMBOLS_PRIVATE_EXTERN = NO;
				GCC_WARN_64_TO_32_BIT_CONVERSION = YES;
				GCC_WARN_ABOUT_RETURN_TYPE = YES_ERROR;
				GCC_WARN_UNDECLARED_SELECTOR = YES;
				GCC_WARN_UNINITIALIZED_AUTOS = YES_AGGRESSIVE;
				GCC_WARN_UNUSED_FUNCTION = YES;
				GCC_WARN_UNUSED_VARIABLE = YES;
				IPHONEOS_DEPLOYMENT_TARGET = 8.4;
				MTL_ENABLE_DEBUG_INFO = YES;
				ONLY_ACTIVE_ARCH = YES;
				SDKROOT = iphoneos;
				SWIFT_OPTIMIZATION_LEVEL = "-Onone";
			};
			name = Debug;
		};
		77EA97EF1B6CBD00001586B7 /* Release */ = {
			isa = XCBuildConfiguration;
			buildSettings = {
				ALWAYS_SEARCH_USER_PATHS = NO;
				CLANG_CXX_LANGUAGE_STANDARD = "gnu++0x";
				CLANG_CXX_LIBRARY = "libc++";
				CLANG_ENABLE_MODULES = YES;
				CLANG_ENABLE_OBJC_ARC = YES;
				CLANG_WARN_BOOL_CONVERSION = YES;
				CLANG_WARN_CONSTANT_CONVERSION = YES;
				CLANG_WARN_DIRECT_OBJC_ISA_USAGE = YES_ERROR;
				CLANG_WARN_EMPTY_BODY = YES;
				CLANG_WARN_ENUM_CONVERSION = YES;
				CLANG_WARN_INT_CONVERSION = YES;
				CLANG_WARN_OBJC_ROOT_CLASS = YES_ERROR;
				CLANG_WARN_UNREACHABLE_CODE = YES;
				CLANG_WARN__DUPLICATE_METHOD_MATCH = YES;
				"CODE_SIGN_IDENTITY[sdk=iphoneos*]" = "iPhone Developer";
				COPY_PHASE_STRIP = NO;
				DEBUG_INFORMATION_FORMAT = "dwarf-with-dsym";
				ENABLE_NS_ASSERTIONS = NO;
				ENABLE_STRICT_OBJC_MSGSEND = YES;
				GCC_C_LANGUAGE_STANDARD = gnu99;
				GCC_NO_COMMON_BLOCKS = YES;
				GCC_WARN_64_TO_32_BIT_CONVERSION = YES;
				GCC_WARN_ABOUT_RETURN_TYPE = YES_ERROR;
				GCC_WARN_UNDECLARED_SELECTOR = YES;
				GCC_WARN_UNINITIALIZED_AUTOS = YES_AGGRESSIVE;
				GCC_WARN_UNUSED_FUNCTION = YES;
				GCC_WARN_UNUSED_VARIABLE = YES;
				IPHONEOS_DEPLOYMENT_TARGET = 8.4;
				MTL_ENABLE_DEBUG_INFO = NO;
				SDKROOT = iphoneos;
				VALIDATE_PRODUCT = YES;
			};
			name = Release;
		};
		77EA97F11B6CBD00001586B7 /* Debug */ = {
			isa = XCBuildConfiguration;
			buildSettings = {
				ASSETCATALOG_COMPILER_APPICON_NAME = AppIcon;
				INFOPLIST_FILE = pageview/Info.plist;
				LD_RUNPATH_SEARCH_PATHS = "$(inherited) @executable_path/Frameworks";
				PRODUCT_NAME = "$(TARGET_NAME)";
			};
			name = Debug;
		};
		77EA97F21B6CBD00001586B7 /* Release */ = {
			isa = XCBuildConfiguration;
			buildSettings = {
				ASSETCATALOG_COMPILER_APPICON_NAME = AppIcon;
				INFOPLIST_FILE = pageview/Info.plist;
				LD_RUNPATH_SEARCH_PATHS = "$(inherited) @executable_path/Frameworks";
				PRODUCT_NAME = "$(TARGET_NAME)";
			};
			name = Release;
		};
		77EA97F41B6CBD00001586B7 /* Debug */ = {
			isa = XCBuildConfiguration;
			buildSettings = {
				BUNDLE_LOADER = "$(TEST_HOST)";
				FRAMEWORK_SEARCH_PATHS = (
					"$(SDKROOT)/Developer/Library/Frameworks",
					"$(inherited)",
				);
				GCC_PREPROCESSOR_DEFINITIONS = (
					"DEBUG=1",
					"$(inherited)",
				);
				INFOPLIST_FILE = pageviewTests/Info.plist;
				LD_RUNPATH_SEARCH_PATHS = "$(inherited) @executable_path/Frameworks @loader_path/Frameworks";
				PRODUCT_NAME = "$(TARGET_NAME)";
				TEST_HOST = "$(BUILT_PRODUCTS_DIR)/pageview.app/pageview";
			};
			name = Debug;
		};
		77EA97F51B6CBD00001586B7 /* Release */ = {
			isa = XCBuildConfiguration;
			buildSettings = {
				BUNDLE_LOADER = "$(TEST_HOST)";
				FRAMEWORK_SEARCH_PATHS = (
					"$(SDKROOT)/Developer/Library/Frameworks",
					"$(inherited)",
				);
				INFOPLIST_FILE = pageviewTests/Info.plist;
				LD_RUNPATH_SEARCH_PATHS = "$(inherited) @executable_path/Frameworks @loader_path/Frameworks";
				PRODUCT_NAME = "$(TARGET_NAME)";
				TEST_HOST = "$(BUILT_PRODUCTS_DIR)/pageview.app/pageview";
			};
			name = Release;
		};
/* End XCBuildConfiguration section */

/* Begin XCConfigurationList section */
		77EA97CC1B6CBD00001586B7 /* Build configuration list for PBXProject "pageview" */ = {
			isa = XCConfigurationList;
			buildConfigurations = (
				77EA97EE1B6CBD00001586B7 /* Debug */,
				77EA97EF1B6CBD00001586B7 /* Release */,
			);
			defaultConfigurationIsVisible = 0;
			defaultConfigurationName = Release;
		};
		77EA97F01B6CBD00001586B7 /* Build configuration list for PBXNativeTarget "pageview" */ = {
			isa = XCConfigurationList;
			buildConfigurations = (
				77EA97F11B6CBD00001586B7 /* Debug */,
				77EA97F21B6CBD00001586B7 /* Release */,
			);
			defaultConfigurationIsVisible = 0;
			defaultConfigurationName = Release;
		};
		77EA97F31B6CBD00001586B7 /* Build configuration list for PBXNativeTarget "pageviewTests" */ = {
			isa = XCConfigurationList;
			buildConfigurations = (
				77EA97F41B6CBD00001586B7 /* Debug */,
				77EA97F51B6CBD00001586B7 /* Release */,
			);
			defaultConfigurationIsVisible = 0;
			defaultConfigurationName = Release;
		};
/* End XCConfigurationList section */
	};
	rootObject = 77EA97C91B6CBD00001586B7 /* Project object */;
}
