// !$*UTF8*$!
{
	archiveVersion = 1;
	classes = {
	};
	objectVersion = 46;
	objects = {

/* Begin PBXBuildFile section */
		77CFCCF01B6DB05E00BC51A4 /* AppDelegate.swift in Sources */ = {isa = PBXBuildFile; fileRef = 77CFCCEF1B6DB05E00BC51A4 /* AppDelegate.swift */; };
		77CFCCF21B6DB05E00BC51A4 /* ViewController.swift in Sources */ = {isa = PBXBuildFile; fileRef = 77CFCCF11B6DB05E00BC51A4 /* ViewController.swift */; };
		77CFCCF51B6DB05E00BC51A4 /* Main.storyboard in Resources */ = {isa = PBXBuildFile; fileRef = 77CFCCF31B6DB05E00BC51A4 /* Main.storyboard */; };
		77CFCCF71B6DB05E00BC51A4 /* Images.xcassets in Resources */ = {isa = PBXBuildFile; fileRef = 77CFCCF61B6DB05E00BC51A4 /* Images.xcassets */; };
		77CFCCFA1B6DB05E00BC51A4 /* LaunchScreen.xib in Resources */ = {isa = PBXBuildFile; fileRef = 77CFCCF81B6DB05E00BC51A4 /* LaunchScreen.xib */; };
		77CFCD061B6DB05E00BC51A4 /* bannerdemoTests.swift in Sources */ = {isa = PBXBuildFile; fileRef = 77CFCD051B6DB05E00BC51A4 /* bannerdemoTests.swift */; };
		77CFCD101B6DF73100BC51A4 /* BannerInfo.swift in Sources */ = {isa = PBXBuildFile; fileRef = 77CFCD0F1B6DF73100BC51A4 /* BannerInfo.swift */; };
		77CFCD121B6DF8CE00BC51A4 /* BannerView.swift in Sources */ = {isa = PBXBuildFile; fileRef = 77CFCD111B6DF8CE00BC51A4 /* BannerView.swift */; };
/* End PBXBuildFile section */

/* Begin PBXContainerItemProxy section */
		77CFCD001B6DB05E00BC51A4 /* PBXContainerItemProxy */ = {
			isa = PBXContainerItemProxy;
			containerPortal = 77CFCCE21B6DB05E00BC51A4 /* Project object */;
			proxyType = 1;
			remoteGlobalIDString = 77CFCCE91B6DB05E00BC51A4;
			remoteInfo = bannerdemo;
		};
/* End PBXContainerItemProxy section */

/* Begin PBXFileReference section */
		77CFCCEA1B6DB05E00BC51A4 /* bannerdemo.app */ = {isa = PBXFileReference; explicitFileType = wrapper.application; includeInIndex = 0; path = bannerdemo.app; sourceTree = BUILT_PRODUCTS_DIR; };
		77CFCCEE1B6DB05E00BC51A4 /* Info.plist */ = {isa = PBXFileReference; lastKnownFileType = text.plist.xml; path = Info.plist; sourceTree = "<group>"; };
		77CFCCEF1B6DB05E00BC51A4 /* AppDelegate.swift */ = {isa = PBXFileReference; lastKnownFileType = sourcecode.swift; path = AppDelegate.swift; sourceTree = "<group>"; };
		77CFCCF11B6DB05E00BC51A4 /* ViewController.swift */ = {isa = PBXFileReference; lastKnownFileType = sourcecode.swift; path = ViewController.swift; sourceTree = "<group>"; };
		77CFCCF41B6DB05E00BC51A4 /* Base */ = {isa = PBXFileReference; lastKnownFileType = file.storyboard; name = Base; path = Base.lproj/Main.storyboard; sourceTree = "<group>"; };
		77CFCCF61B6DB05E00BC51A4 /* Images.xcassets */ = {isa = PBXFileReference; lastKnownFileType = folder.assetcatalog; path = Images.xcassets; sourceTree = "<group>"; };
		77CFCCF91B6DB05E00BC51A4 /* Base */ = {isa = PBXFileReference; lastKnownFileType = file.xib; name = Base; path = Base.lproj/LaunchScreen.xib; sourceTree = "<group>"; };
		77CFCCFF1B6DB05E00BC51A4 /* bannerdemoTests.xctest */ = {isa = PBXFileReference; explicitFileType = wrapper.cfbundle; includeInIndex = 0; path = bannerdemoTests.xctest; sourceTree = BUILT_PRODUCTS_DIR; };
		77CFCD041B6DB05E00BC51A4 /* Info.plist */ = {isa = PBXFileReference; lastKnownFileType = text.plist.xml; path = Info.plist; sourceTree = "<group>"; };
		77CFCD051B6DB05E00BC51A4 /* bannerdemoTests.swift */ = {isa = PBXFileReference; lastKnownFileType = sourcecode.swift; path = bannerdemoTests.swift; sourceTree = "<group>"; };
		77CFCD0F1B6DF73100BC51A4 /* BannerInfo.swift */ = {isa = PBXFileReference; fileEncoding = 4; lastKnownFileType = sourcecode.swift; path = BannerInfo.swift; sourceTree = "<group>"; };
		77CFCD111B6DF8CE00BC51A4 /* BannerView.swift */ = {isa = PBXFileReference; fileEncoding = 4; lastKnownFileType = sourcecode.swift; path = BannerView.swift; sourceTree = "<group>"; };
/* End PBXFileReference section */

/* Begin PBXFrameworksBuildPhase section */
		77CFCCE71B6DB05E00BC51A4 /* Frameworks */ = {
			isa = PBXFrameworksBuildPhase;
			buildActionMask = 2147483647;
			files = (
			);
			runOnlyForDeploymentPostprocessing = 0;
		};
		77CFCCFC1B6DB05E00BC51A4 /* Frameworks */ = {
			isa = PBXFrameworksBuildPhase;
			buildActionMask = 2147483647;
			files = (
			);
			runOnlyForDeploymentPostprocessing = 0;
		};
/* End PBXFrameworksBuildPhase section */

/* Begin PBXGroup section */
		77CFCCE11B6DB05E00BC51A4 = {
			isa = PBXGroup;
			children = (
				77CFCCEC1B6DB05E00BC51A4 /* bannerdemo */,
				77CFCD021B6DB05E00BC51A4 /* bannerdemoTests */,
				77CFCCEB1B6DB05E00BC51A4 /* Products */,
			);
			sourceTree = "<group>";
		};
		77CFCCEB1B6DB05E00BC51A4 /* Products */ = {
			isa = PBXGroup;
			children = (
				77CFCCEA1B6DB05E00BC51A4 /* bannerdemo.app */,
				77CFCCFF1B6DB05E00BC51A4 /* bannerdemoTests.xctest */,
			);
			name = Products;
			sourceTree = "<group>";
		};
		77CFCCEC1B6DB05E00BC51A4 /* bannerdemo */ = {
			isa = PBXGroup;
			children = (
				77CFCCEF1B6DB05E00BC51A4 /* AppDelegate.swift */,
				77CFCCF11B6DB05E00BC51A4 /* ViewController.swift */,
				77CFCCF31B6DB05E00BC51A4 /* Main.storyboard */,
				77CFCCF61B6DB05E00BC51A4 /* Images.xcassets */,
				77CFCCF81B6DB05E00BC51A4 /* LaunchScreen.xib */,
				77CFCCED1B6DB05E00BC51A4 /* Supporting Files */,
				77CFCD0F1B6DF73100BC51A4 /* BannerInfo.swift */,
				77CFCD111B6DF8CE00BC51A4 /* BannerView.swift */,
			);
			path = bannerdemo;
			sourceTree = "<group>";
		};
		77CFCCED1B6DB05E00BC51A4 /* Supporting Files */ = {
			isa = PBXGroup;
			children = (
				77CFCCEE1B6DB05E00BC51A4 /* Info.plist */,
			);
			name = "Supporting Files";
			sourceTree = "<group>";
		};
		77CFCD021B6DB05E00BC51A4 /* bannerdemoTests */ = {
			isa = PBXGroup;
			children = (
				77CFCD051B6DB05E00BC51A4 /* bannerdemoTests.swift */,
				77CFCD031B6DB05E00BC51A4 /* Supporting Files */,
			);
			path = bannerdemoTests;
			sourceTree = "<group>";
		};
		77CFCD031B6DB05E00BC51A4 /* Supporting Files */ = {
			isa = PBXGroup;
			children = (
				77CFCD041B6DB05E00BC51A4 /* Info.plist */,
			);
			name = "Supporting Files";
			sourceTree = "<group>";
		};
/* End PBXGroup section */

/* Begin PBXNativeTarget section */
		77CFCCE91B6DB05E00BC51A4 /* bannerdemo */ = {
			isa = PBXNativeTarget;
			buildConfigurationList = 77CFCD091B6DB05E00BC51A4 /* Build configuration list for PBXNativeTarget "bannerdemo" */;
			buildPhases = (
				77CFCCE61B6DB05E00BC51A4 /* Sources */,
				77CFCCE71B6DB05E00BC51A4 /* Frameworks */,
				77CFCCE81B6DB05E00BC51A4 /* Resources */,
			);
			buildRules = (
			);
			dependencies = (
			);
			name = bannerdemo;
			productName = bannerdemo;
			productReference = 77CFCCEA1B6DB05E00BC51A4 /* bannerdemo.app */;
			productType = "com.apple.product-type.application";
		};
		77CFCCFE1B6DB05E00BC51A4 /* bannerdemoTests */ = {
			isa = PBXNativeTarget;
			buildConfigurationList = 77CFCD0C1B6DB05E00BC51A4 /* Build configuration list for PBXNativeTarget "bannerdemoTests" */;
			buildPhases = (
				77CFCCFB1B6DB05E00BC51A4 /* Sources */,
				77CFCCFC1B6DB05E00BC51A4 /* Frameworks */,
				77CFCCFD1B6DB05E00BC51A4 /* Resources */,
			);
			buildRules = (
			);
			dependencies = (
				77CFCD011B6DB05E00BC51A4 /* PBXTargetDependency */,
			);
			name = bannerdemoTests;
			productName = bannerdemoTests;
			productReference = 77CFCCFF1B6DB05E00BC51A4 /* bannerdemoTests.xctest */;
			productType = "com.apple.product-type.bundle.unit-test";
		};
/* End PBXNativeTarget section */

/* Begin PBXProject section */
		77CFCCE21B6DB05E00BC51A4 /* Project object */ = {
			isa = PBXProject;
			attributes = {
				LastUpgradeCheck = 0640;
				ORGANIZATIONNAME = youdian.org;
				TargetAttributes = {
					77CFCCE91B6DB05E00BC51A4 = {
						CreatedOnToolsVersion = 6.4;
					};
					77CFCCFE1B6DB05E00BC51A4 = {
						CreatedOnToolsVersion = 6.4;
						TestTargetID = 77CFCCE91B6DB05E00BC51A4;
					};
				};
			};
			buildConfigurationList = 77CFCCE51B6DB05E00BC51A4 /* Build configuration list for PBXProject "bannerdemo" */;
			compatibilityVersion = "Xcode 3.2";
			developmentRegion = English;
			hasScannedForEncodings = 0;
			knownRegions = (
				en,
				Base,
			);
			mainGroup = 77CFCCE11B6DB05E00BC51A4;
			productRefGroup = 77CFCCEB1B6DB05E00BC51A4 /* Products */;
			projectDirPath = "";
			projectRoot = "";
			targets = (
				77CFCCE91B6DB05E00BC51A4 /* bannerdemo */,
				77CFCCFE1B6DB05E00BC51A4 /* bannerdemoTests */,
			);
		};
/* End PBXProject section */

/* Begin PBXResourcesBuildPhase section */
		77CFCCE81B6DB05E00BC51A4 /* Resources */ = {
			isa = PBXResourcesBuildPhase;
			buildActionMask = 2147483647;
			files = (
				77CFCCF51B6DB05E00BC51A4 /* Main.storyboard in Resources */,
				77CFCCFA1B6DB05E00BC51A4 /* LaunchScreen.xib in Resources */,
				77CFCCF71B6DB05E00BC51A4 /* Images.xcassets in Resources */,
			);
			runOnlyForDeploymentPostprocessing = 0;
		};
		77CFCCFD1B6DB05E00BC51A4 /* Resources */ = {
			isa = PBXResourcesBuildPhase;
			buildActionMask = 2147483647;
			files = (
			);
			runOnlyForDeploymentPostprocessing = 0;
		};
/* End PBXResourcesBuildPhase section */

/* Begin PBXSourcesBuildPhase section */
		77CFCCE61B6DB05E00BC51A4 /* Sources */ = {
			isa = PBXSourcesBuildPhase;
			buildActionMask = 2147483647;
			files = (
				77CFCD121B6DF8CE00BC51A4 /* BannerView.swift in Sources */,
				77CFCCF21B6DB05E00BC51A4 /* ViewController.swift in Sources */,
				77CFCD101B6DF73100BC51A4 /* BannerInfo.swift in Sources */,
				77CFCCF01B6DB05E00BC51A4 /* AppDelegate.swift in Sources */,
			);
			runOnlyForDeploymentPostprocessing = 0;
		};
		77CFCCFB1B6DB05E00BC51A4 /* Sources */ = {
			isa = PBXSourcesBuildPhase;
			buildActionMask = 2147483647;
			files = (
				77CFCD061B6DB05E00BC51A4 /* bannerdemoTests.swift in Sources */,
			);
			runOnlyForDeploymentPostprocessing = 0;
		};
/* End PBXSourcesBuildPhase section */

/* Begin PBXTargetDependency section */
		77CFCD011B6DB05E00BC51A4 /* PBXTargetDependency */ = {
			isa = PBXTargetDependency;
			target = 77CFCCE91B6DB05E00BC51A4 /* bannerdemo */;
			targetProxy = 77CFCD001B6DB05E00BC51A4 /* PBXContainerItemProxy */;
		};
/* End PBXTargetDependency section */

/* Begin PBXVariantGroup section */
		77CFCCF31B6DB05E00BC51A4 /* Main.storyboard */ = {
			isa = PBXVariantGroup;
			children = (
				77CFCCF41B6DB05E00BC51A4 /* Base */,
			);
			name = Main.storyboard;
			sourceTree = "<group>";
		};
		77CFCCF81B6DB05E00BC51A4 /* LaunchScreen.xib */ = {
			isa = PBXVariantGroup;
			children = (
				77CFCCF91B6DB05E00BC51A4 /* Base */,
			);
			name = LaunchScreen.xib;
			sourceTree = "<group>";
		};
/* End PBXVariantGroup section */

/* Begin XCBuildConfiguration section */
		77CFCD071B6DB05E00BC51A4 /* Debug */ = {
			isa = XCBuildConfiguration;
			buildSettings = {
				ALWAYS_SEARCH_USER_PATHS = NO;
				CLANG_CXX_LANGUAGE_STANDARD = "gnu++0x";
				CLANG_CXX_LIBRARY = "libc++";
				CLANG_ENABLE_MODULES = YES;
				CLANG_ENABLE_OBJC_ARC = YES;
				CLANG_WARN_BOOL_CONVERSION = YES;
				CLANG_WARN_CONSTANT_CONVERSION = YES;
				CLANG_WARN_DIRECT_OBJC_ISA_USAGE = YES_ERROR;
				CLANG_WARN_EMPTY_BODY = YES;
				CLANG_WARN_ENUM_CONVERSION = YES;
				CLANG_WARN_INT_CONVERSION = YES;
				CLANG_WARN_OBJC_ROOT_CLASS = YES_ERROR;
				CLANG_WARN_UNREACHABLE_CODE = YES;
				CLANG_WARN__DUPLICATE_METHOD_MATCH = YES;
				"CODE_SIGN_IDENTITY[sdk=iphoneos*]" = "iPhone Developer";
				COPY_PHASE_STRIP = NO;
				DEBUG_INFORMATION_FORMAT = "dwarf-with-dsym";
				ENABLE_STRICT_OBJC_MSGSEND = YES;
				GCC_C_LANGUAGE_STANDARD = gnu99;
				GCC_DYNAMIC_NO_PIC = NO;
				GCC_NO_COMMON_BLOCKS = YES;
				GCC_OPTIMIZATION_LEVEL = 0;
				GCC_PREPROCESSOR_DEFINITIONS = (
					"DEBUG=1",
					"$(inherited)",
				);
				GCC_SYMBOLS_PRIVATE_EXTERN = NO;
				GCC_WARN_64_TO_32_BIT_CONVERSION = YES;
				GCC_WARN_ABOUT_RETURN_TYPE = YES_ERROR;
				GCC_WARN_UNDECLARED_SELECTOR = YES;
				GCC_WARN_UNINITIALIZED_AUTOS = YES_AGGRESSIVE;
				GCC_WARN_UNUSED_FUNCTION = YES;
				GCC_WARN_UNUSED_VARIABLE = YES;
				IPHONEOS_DEPLOYMENT_TARGET = 8.4;
				MTL_ENABLE_DEBUG_INFO = YES;
				ONLY_ACTIVE_ARCH = YES;
				SDKROOT = iphoneos;
				SWIFT_OPTIMIZATION_LEVEL = "-Onone";
			};
			name = Debug;
		};
		77CFCD081B6DB05E00BC51A4 /* Release */ = {
			isa = XCBuildConfiguration;
			buildSettings = {
				ALWAYS_SEARCH_USER_PATHS = NO;
				CLANG_CXX_LANGUAGE_STANDARD = "gnu++0x";
				CLANG_CXX_LIBRARY = "libc++";
				CLANG_ENABLE_MODULES = YES;
				CLANG_ENABLE_OBJC_ARC = YES;
				CLANG_WARN_BOOL_CONVERSION = YES;
				CLANG_WARN_CONSTANT_CONVERSION = YES;
				CLANG_WARN_DIRECT_OBJC_ISA_USAGE = YES_ERROR;
				CLANG_WARN_EMPTY_BODY = YES;
				CLANG_WARN_ENUM_CONVERSION = YES;
				CLANG_WARN_INT_CONVERSION = YES;
				CLANG_WARN_OBJC_ROOT_CLASS = YES_ERROR;
				CLANG_WARN_UNREACHABLE_CODE = YES;
				CLANG_WARN__DUPLICATE_METHOD_MATCH = YES;
				"CODE_SIGN_IDENTITY[sdk=iphoneos*]" = "iPhone Developer";
				COPY_PHASE_STRIP = NO;
				DEBUG_INFORMATION_FORMAT = "dwarf-with-dsym";
				ENABLE_NS_ASSERTIONS = NO;
				ENABLE_STRICT_OBJC_MSGSEND = YES;
				GCC_C_LANGUAGE_STANDARD = gnu99;
				GCC_NO_COMMON_BLOCKS = YES;
				GCC_WARN_64_TO_32_BIT_CONVERSION = YES;
				GCC_WARN_ABOUT_RETURN_TYPE = YES_ERROR;
				GCC_WARN_UNDECLARED_SELECTOR = YES;
				GCC_WARN_UNINITIALIZED_AUTOS = YES_AGGRESSIVE;
				GCC_WARN_UNUSED_FUNCTION = YES;
				GCC_WARN_UNUSED_VARIABLE = YES;
				IPHONEOS_DEPLOYMENT_TARGET = 8.4;
				MTL_ENABLE_DEBUG_INFO = NO;
				SDKROOT = iphoneos;
				VALIDATE_PRODUCT = YES;
			};
			name = Release;
		};
		77CFCD0A1B6DB05E00BC51A4 /* Debug */ = {
			isa = XCBuildConfiguration;
			buildSettings = {
				ASSETCATALOG_COMPILER_APPICON_NAME = AppIcon;
				INFOPLIST_FILE = bannerdemo/Info.plist;
				LD_RUNPATH_SEARCH_PATHS = "$(inherited) @executable_path/Frameworks";
				PRODUCT_NAME = "$(TARGET_NAME)";
			};
			name = Debug;
		};
		77CFCD0B1B6DB05E00BC51A4 /* Release */ = {
			isa = XCBuildConfiguration;
			buildSettings = {
				ASSETCATALOG_COMPILER_APPICON_NAME = AppIcon;
				INFOPLIST_FILE = bannerdemo/Info.plist;
				LD_RUNPATH_SEARCH_PATHS = "$(inherited) @executable_path/Frameworks";
				PRODUCT_NAME = "$(TARGET_NAME)";
			};
			name = Release;
		};
		77CFCD0D1B6DB05E00BC51A4 /* Debug */ = {
			isa = XCBuildConfiguration;
			buildSettings = {
				BUNDLE_LOADER = "$(TEST_HOST)";
				FRAMEWORK_SEARCH_PATHS = (
					"$(SDKROOT)/Developer/Library/Frameworks",
					"$(inherited)",
				);
				GCC_PREPROCESSOR_DEFINITIONS = (
					"DEBUG=1",
					"$(inherited)",
				);
				INFOPLIST_FILE = bannerdemoTests/Info.plist;
				LD_RUNPATH_SEARCH_PATHS = "$(inherited) @executable_path/Frameworks @loader_path/Frameworks";
				PRODUCT_NAME = "$(TARGET_NAME)";
				TEST_HOST = "$(BUILT_PRODUCTS_DIR)/bannerdemo.app/bannerdemo";
			};
			name = Debug;
		};
		77CFCD0E1B6DB05E00BC51A4 /* Release */ = {
			isa = XCBuildConfiguration;
			buildSettings = {
				BUNDLE_LOADER = "$(TEST_HOST)";
				FRAMEWORK_SEARCH_PATHS = (
					"$(SDKROOT)/Developer/Library/Frameworks",
					"$(inherited)",
				);
				INFOPLIST_FILE = bannerdemoTests/Info.plist;
				LD_RUNPATH_SEARCH_PATHS = "$(inherited) @executable_path/Frameworks @loader_path/Frameworks";
				PRODUCT_NAME = "$(TARGET_NAME)";
				TEST_HOST = "$(BUILT_PRODUCTS_DIR)/bannerdemo.app/bannerdemo";
			};
			name = Release;
		};
/* End XCBuildConfiguration section */

/* Begin XCConfigurationList section */
		77CFCCE51B6DB05E00BC51A4 /* Build configuration list for PBXProject "bannerdemo" */ = {
			isa = XCConfigurationList;
			buildConfigurations = (
				77CFCD071B6DB05E00BC51A4 /* Debug */,
				77CFCD081B6DB05E00BC51A4 /* Release */,
			);
			defaultConfigurationIsVisible = 0;
			defaultConfigurationName = Release;
		};
		77CFCD091B6DB05E00BC51A4 /* Build configuration list for PBXNativeTarget "bannerdemo" */ = {
			isa = XCConfigurationList;
			buildConfigurations = (
				77CFCD0A1B6DB05E00BC51A4 /* Debug */,
				77CFCD0B1B6DB05E00BC51A4 /* Release */,
			);
			defaultConfigurationIsVisible = 0;
		};
		77CFCD0C1B6DB05E00BC51A4 /* Build configuration list for PBXNativeTarget "bannerdemoTests" */ = {
			isa = XCConfigurationList;
			buildConfigurations = (
				77CFCD0D1B6DB05E00BC51A4 /* Debug */,
				77CFCD0E1B6DB05E00BC51A4 /* Release */,
			);
			defaultConfigurationIsVisible = 0;
		};
/* End XCConfigurationList section */
	};
	rootObject = 77CFCCE21B6DB05E00BC51A4 /* Project object */;
}
