// !$*UTF8*$!
{
	archiveVersion = 1;
	classes = {
	};
	objectVersion = 46;
	objects = {

/* Begin PBXBuildFile section */
		77CFCD221B6E110B00BC51A4 /* AppDelegate.swift in Sources */ = {isa = PBXBuildFile; fileRef = 77CFCD211B6E110B00BC51A4 /* AppDelegate.swift */; };
		77CFCD241B6E110B00BC51A4 /* ViewController.swift in Sources */ = {isa = PBXBuildFile; fileRef = 77CFCD231B6E110B00BC51A4 /* ViewController.swift */; };
		77CFCD271B6E110B00BC51A4 /* Main.storyboard in Resources */ = {isa = PBXBuildFile; fileRef = 77CFCD251B6E110B00BC51A4 /* Main.storyboard */; };
		77CFCD291B6E110B00BC51A4 /* Images.xcassets in Resources */ = {isa = PBXBuildFile; fileRef = 77CFCD281B6E110B00BC51A4 /* Images.xcassets */; };
		77CFCD2C1B6E110B00BC51A4 /* LaunchScreen.xib in Resources */ = {isa = PBXBuildFile; fileRef = 77CFCD2A1B6E110B00BC51A4 /* LaunchScreen.xib */; };
		77CFCD381B6E110B00BC51A4 /* buttondemoTests.swift in Sources */ = {isa = PBXBuildFile; fileRef = 77CFCD371B6E110B00BC51A4 /* buttondemoTests.swift */; };
		77CFCD421B6E567100BC51A4 /* RoundedCornerButton.swift in Sources */ = {isa = PBXBuildFile; fileRef = 77CFCD411B6E567100BC51A4 /* RoundedCornerButton.swift */; };
/* End PBXBuildFile section */

/* Begin PBXContainerItemProxy section */
		77CFCD321B6E110B00BC51A4 /* PBXContainerItemProxy */ = {
			isa = PBXContainerItemProxy;
			containerPortal = 77CFCD141B6E110B00BC51A4 /* Project object */;
			proxyType = 1;
			remoteGlobalIDString = 77CFCD1B1B6E110B00BC51A4;
			remoteInfo = buttondemo;
		};
/* End PBXContainerItemProxy section */

/* Begin PBXFileReference section */
		77CFCD1C1B6E110B00BC51A4 /* buttondemo.app */ = {isa = PBXFileReference; explicitFileType = wrapper.application; includeInIndex = 0; path = buttondemo.app; sourceTree = BUILT_PRODUCTS_DIR; };
		77CFCD201B6E110B00BC51A4 /* Info.plist */ = {isa = PBXFileReference; lastKnownFileType = text.plist.xml; path = Info.plist; sourceTree = "<group>"; };
		77CFCD211B6E110B00BC51A4 /* AppDelegate.swift */ = {isa = PBXFileReference; lastKnownFileType = sourcecode.swift; path = AppDelegate.swift; sourceTree = "<group>"; };
		77CFCD231B6E110B00BC51A4 /* ViewController.swift */ = {isa = PBXFileReference; lastKnownFileType = sourcecode.swift; path = ViewController.swift; sourceTree = "<group>"; };
		77CFCD261B6E110B00BC51A4 /* Base */ = {isa = PBXFileReference; lastKnownFileType = file.storyboard; name = Base; path = Base.lproj/Main.storyboard; sourceTree = "<group>"; };
		77CFCD281B6E110B00BC51A4 /* Images.xcassets */ = {isa = PBXFileReference; lastKnownFileType = folder.assetcatalog; path = Images.xcassets; sourceTree = "<group>"; };
		77CFCD2B1B6E110B00BC51A4 /* Base */ = {isa = PBXFileReference; lastKnownFileType = file.xib; name = Base; path = Base.lproj/LaunchScreen.xib; sourceTree = "<group>"; };
		77CFCD311B6E110B00BC51A4 /* buttondemoTests.xctest */ = {isa = PBXFileReference; explicitFileType = wrapper.cfbundle; includeInIndex = 0; path = buttondemoTests.xctest; sourceTree = BUILT_PRODUCTS_DIR; };
		77CFCD361B6E110B00BC51A4 /* Info.plist */ = {isa = PBXFileReference; lastKnownFileType = text.plist.xml; path = Info.plist; sourceTree = "<group>"; };
		77CFCD371B6E110B00BC51A4 /* buttondemoTests.swift */ = {isa = PBXFileReference; lastKnownFileType = sourcecode.swift; path = buttondemoTests.swift; sourceTree = "<group>"; };
		77CFCD411B6E567100BC51A4 /* RoundedCornerButton.swift */ = {isa = PBXFileReference; fileEncoding = 4; lastKnownFileType = sourcecode.swift; path = RoundedCornerButton.swift; sourceTree = "<group>"; };
/* End PBXFileReference section */

/* Begin PBXFrameworksBuildPhase section */
		77CFCD191B6E110B00BC51A4 /* Frameworks */ = {
			isa = PBXFrameworksBuildPhase;
			buildActionMask = 2147483647;
			files = (
			);
			runOnlyForDeploymentPostprocessing = 0;
		};
		77CFCD2E1B6E110B00BC51A4 /* Frameworks */ = {
			isa = PBXFrameworksBuildPhase;
			buildActionMask = 2147483647;
			files = (
			);
			runOnlyForDeploymentPostprocessing = 0;
		};
/* End PBXFrameworksBuildPhase section */

/* Begin PBXGroup section */
		77CFCD131B6E110B00BC51A4 = {
			isa = PBXGroup;
			children = (
				77CFCD1E1B6E110B00BC51A4 /* buttondemo */,
				77CFCD341B6E110B00BC51A4 /* buttondemoTests */,
				77CFCD1D1B6E110B00BC51A4 /* Products */,
			);
			sourceTree = "<group>";
		};
		77CFCD1D1B6E110B00BC51A4 /* Products */ = {
			isa = PBXGroup;
			children = (
				77CFCD1C1B6E110B00BC51A4 /* buttondemo.app */,
				77CFCD311B6E110B00BC51A4 /* buttondemoTests.xctest */,
			);
			name = Products;
			sourceTree = "<group>";
		};
		77CFCD1E1B6E110B00BC51A4 /* buttondemo */ = {
			isa = PBXGroup;
			children = (
				77CFCD211B6E110B00BC51A4 /* AppDelegate.swift */,
				77CFCD231B6E110B00BC51A4 /* ViewController.swift */,
				77CFCD251B6E110B00BC51A4 /* Main.storyboard */,
				77CFCD281B6E110B00BC51A4 /* Images.xcassets */,
				77CFCD2A1B6E110B00BC51A4 /* LaunchScreen.xib */,
				77CFCD1F1B6E110B00BC51A4 /* Supporting Files */,
				77CFCD411B6E567100BC51A4 /* RoundedCornerButton.swift */,
			);
			path = buttondemo;
			sourceTree = "<group>";
		};
		77CFCD1F1B6E110B00BC51A4 /* Supporting Files */ = {
			isa = PBXGroup;
			children = (
				77CFCD201B6E110B00BC51A4 /* Info.plist */,
			);
			name = "Supporting Files";
			sourceTree = "<group>";
		};
		77CFCD341B6E110B00BC51A4 /* buttondemoTests */ = {
			isa = PBXGroup;
			children = (
				77CFCD371B6E110B00BC51A4 /* buttondemoTests.swift */,
				77CFCD351B6E110B00BC51A4 /* Supporting Files */,
			);
			path = buttondemoTests;
			sourceTree = "<group>";
		};
		77CFCD351B6E110B00BC51A4 /* Supporting Files */ = {
			isa = PBXGroup;
			children = (
				77CFCD361B6E110B00BC51A4 /* Info.plist */,
			);
			name = "Supporting Files";
			sourceTree = "<group>";
		};
/* End PBXGroup section */

/* Begin PBXNativeTarget section */
		77CFCD1B1B6E110B00BC51A4 /* buttondemo */ = {
			isa = PBXNativeTarget;
			buildConfigurationList = 77CFCD3B1B6E110B00BC51A4 /* Build configuration list for PBXNativeTarget "buttondemo" */;
			buildPhases = (
				77CFCD181B6E110B00BC51A4 /* Sources */,
				77CFCD191B6E110B00BC51A4 /* Frameworks */,
				77CFCD1A1B6E110B00BC51A4 /* Resources */,
			);
			buildRules = (
			);
			dependencies = (
			);
			name = buttondemo;
			productName = buttondemo;
			productReference = 77CFCD1C1B6E110B00BC51A4 /* buttondemo.app */;
			productType = "com.apple.product-type.application";
		};
		77CFCD301B6E110B00BC51A4 /* buttondemoTests */ = {
			isa = PBXNativeTarget;
			buildConfigurationList = 77CFCD3E1B6E110B00BC51A4 /* Build configuration list for PBXNativeTarget "buttondemoTests" */;
			buildPhases = (
				77CFCD2D1B6E110B00BC51A4 /* Sources */,
				77CFCD2E1B6E110B00BC51A4 /* Frameworks */,
				77CFCD2F1B6E110B00BC51A4 /* Resources */,
			);
			buildRules = (
			);
			dependencies = (
				77CFCD331B6E110B00BC51A4 /* PBXTargetDependency */,
			);
			name = buttondemoTests;
			productName = buttondemoTests;
			productReference = 77CFCD311B6E110B00BC51A4 /* buttondemoTests.xctest */;
			productType = "com.apple.product-type.bundle.unit-test";
		};
/* End PBXNativeTarget section */

/* Begin PBXProject section */
		77CFCD141B6E110B00BC51A4 /* Project object */ = {
			isa = PBXProject;
			attributes = {
				LastUpgradeCheck = 0640;
				ORGANIZATIONNAME = youdian.org;
				TargetAttributes = {
					77CFCD1B1B6E110B00BC51A4 = {
						CreatedOnToolsVersion = 6.4;
					};
					77CFCD301B6E110B00BC51A4 = {
						CreatedOnToolsVersion = 6.4;
						TestTargetID = 77CFCD1B1B6E110B00BC51A4;
					};
				};
			};
			buildConfigurationList = 77CFCD171B6E110B00BC51A4 /* Build configuration list for PBXProject "buttondemo" */;
			compatibilityVersion = "Xcode 3.2";
			developmentRegion = English;
			hasScannedForEncodings = 0;
			knownRegions = (
				en,
				Base,
			);
			mainGroup = 77CFCD131B6E110B00BC51A4;
			productRefGroup = 77CFCD1D1B6E110B00BC51A4 /* Products */;
			projectDirPath = "";
			projectRoot = "";
			targets = (
				77CFCD1B1B6E110B00BC51A4 /* buttondemo */,
				77CFCD301B6E110B00BC51A4 /* buttondemoTests */,
			);
		};
/* End PBXProject section */

/* Begin PBXResourcesBuildPhase section */
		77CFCD1A1B6E110B00BC51A4 /* Resources */ = {
			isa = PBXResourcesBuildPhase;
			buildActionMask = 2147483647;
			files = (
				77CFCD271B6E110B00BC51A4 /* Main.storyboard in Resources */,
				77CFCD2C1B6E110B00BC51A4 /* LaunchScreen.xib in Resources */,
				77CFCD291B6E110B00BC51A4 /* Images.xcassets in Resources */,
			);
			runOnlyForDeploymentPostprocessing = 0;
		};
		77CFCD2F1B6E110B00BC51A4 /* Resources */ = {
			isa = PBXResourcesBuildPhase;
			buildActionMask = 2147483647;
			files = (
			);
			runOnlyForDeploymentPostprocessing = 0;
		};
/* End PBXResourcesBuildPhase section */

/* Begin PBXSourcesBuildPhase section */
		77CFCD181B6E110B00BC51A4 /* Sources */ = {
			isa = PBXSourcesBuildPhase;
			buildActionMask = 2147483647;
			files = (
				77CFCD421B6E567100BC51A4 /* RoundedCornerButton.swift in Sources */,
				77CFCD241B6E110B00BC51A4 /* ViewController.swift in Sources */,
				77CFCD221B6E110B00BC51A4 /* AppDelegate.swift in Sources */,
			);
			runOnlyForDeploymentPostprocessing = 0;
		};
		77CFCD2D1B6E110B00BC51A4 /* Sources */ = {
			isa = PBXSourcesBuildPhase;
			buildActionMask = 2147483647;
			files = (
				77CFCD381B6E110B00BC51A4 /* buttondemoTests.swift in Sources */,
			);
			runOnlyForDeploymentPostprocessing = 0;
		};
/* End PBXSourcesBuildPhase section */

/* Begin PBXTargetDependency section */
		77CFCD331B6E110B00BC51A4 /* PBXTargetDependency */ = {
			isa = PBXTargetDependency;
			target = 77CFCD1B1B6E110B00BC51A4 /* buttondemo */;
			targetProxy = 77CFCD321B6E110B00BC51A4 /* PBXContainerItemProxy */;
		};
/* End PBXTargetDependency section */

/* Begin PBXVariantGroup section */
		77CFCD251B6E110B00BC51A4 /* Main.storyboard */ = {
			isa = PBXVariantGroup;
			children = (
				77CFCD261B6E110B00BC51A4 /* Base */,
			);
			name = Main.storyboard;
			sourceTree = "<group>";
		};
		77CFCD2A1B6E110B00BC51A4 /* LaunchScreen.xib */ = {
			isa = PBXVariantGroup;
			children = (
				77CFCD2B1B6E110B00BC51A4 /* Base */,
			);
			name = LaunchScreen.xib;
			sourceTree = "<group>";
		};
/* End PBXVariantGroup section */

/* Begin XCBuildConfiguration section */
		77CFCD391B6E110B00BC51A4 /* Debug */ = {
			isa = XCBuildConfiguration;
			buildSettings = {
				ALWAYS_SEARCH_USER_PATHS = NO;
				CLANG_CXX_LANGUAGE_STANDARD = "gnu++0x";
				CLANG_CXX_LIBRARY = "libc++";
				CLANG_ENABLE_MODULES = YES;
				CLANG_ENABLE_OBJC_ARC = YES;
				CLANG_WARN_BOOL_CONVERSION = YES;
				CLANG_WARN_CONSTANT_CONVERSION = YES;
				CLANG_WARN_DIRECT_OBJC_ISA_USAGE = YES_ERROR;
				CLANG_WARN_EMPTY_BODY = YES;
				CLANG_WARN_ENUM_CONVERSION = YES;
				CLANG_WARN_INT_CONVERSION = YES;
				CLANG_WARN_OBJC_ROOT_CLASS = YES_ERROR;
				CLANG_WARN_UNREACHABLE_CODE = YES;
				CLANG_WARN__DUPLICATE_METHOD_MATCH = YES;
				"CODE_SIGN_IDENTITY[sdk=iphoneos*]" = "iPhone Developer";
				COPY_PHASE_STRIP = NO;
				DEBUG_INFORMATION_FORMAT = "dwarf-with-dsym";
				ENABLE_STRICT_OBJC_MSGSEND = YES;
				GCC_C_LANGUAGE_STANDARD = gnu99;
				GCC_DYNAMIC_NO_PIC = NO;
				GCC_NO_COMMON_BLOCKS = YES;
				GCC_OPTIMIZATION_LEVEL = 0;
				GCC_PREPROCESSOR_DEFINITIONS = (
					"DEBUG=1",
					"$(inherited)",
				);
				GCC_SYMBOLS_PRIVATE_EXTERN = NO;
				GCC_WARN_64_TO_32_BIT_CONVERSION = YES;
				GCC_WARN_ABOUT_RETURN_TYPE = YES_ERROR;
				GCC_WARN_UNDECLARED_SELECTOR = YES;
				GCC_WARN_UNINITIALIZED_AUTOS = YES_AGGRESSIVE;
				GCC_WARN_UNUSED_FUNCTION = YES;
				GCC_WARN_UNUSED_VARIABLE = YES;
				IPHONEOS_DEPLOYMENT_TARGET = 8.4;
				MTL_ENABLE_DEBUG_INFO = YES;
				ONLY_ACTIVE_ARCH = YES;
				SDKROOT = iphoneos;
				SWIFT_OPTIMIZATION_LEVEL = "-Onone";
			};
			name = Debug;
		};
		77CFCD3A1B6E110B00BC51A4 /* Release */ = {
			isa = XCBuildConfiguration;
			buildSettings = {
				ALWAYS_SEARCH_USER_PATHS = NO;
				CLANG_CXX_LANGUAGE_STANDARD = "gnu++0x";
				CLANG_CXX_LIBRARY = "libc++";
				CLANG_ENABLE_MODULES = YES;
				CLANG_ENABLE_OBJC_ARC = YES;
				CLANG_WARN_BOOL_CONVERSION = YES;
				CLANG_WARN_CONSTANT_CONVERSION = YES;
				CLANG_WARN_DIRECT_OBJC_ISA_USAGE = YES_ERROR;
				CLANG_WARN_EMPTY_BODY = YES;
				CLANG_WARN_ENUM_CONVERSION = YES;
				CLANG_WARN_INT_CONVERSION = YES;
				CLANG_WARN_OBJC_ROOT_CLASS = YES_ERROR;
				CLANG_WARN_UNREACHABLE_CODE = YES;
				CLANG_WARN__DUPLICATE_METHOD_MATCH = YES;
				"CODE_SIGN_IDENTITY[sdk=iphoneos*]" = "iPhone Developer";
				COPY_PHASE_STRIP = NO;
				DEBUG_INFORMATION_FORMAT = "dwarf-with-dsym";
				ENABLE_NS_ASSERTIONS = NO;
				ENABLE_STRICT_OBJC_MSGSEND = YES;
				GCC_C_LANGUAGE_STANDARD = gnu99;
				GCC_NO_COMMON_BLOCKS = YES;
				GCC_WARN_64_TO_32_BIT_CONVERSION = YES;
				GCC_WARN_ABOUT_RETURN_TYPE = YES_ERROR;
				GCC_WARN_UNDECLARED_SELECTOR = YES;
				GCC_WARN_UNINITIALIZED_AUTOS = YES_AGGRESSIVE;
				GCC_WARN_UNUSED_FUNCTION = YES;
				GCC_WARN_UNUSED_VARIABLE = YES;
				IPHONEOS_DEPLOYMENT_TARGET = 8.4;
				MTL_ENABLE_DEBUG_INFO = NO;
				SDKROOT = iphoneos;
				VALIDATE_PRODUCT = YES;
			};
			name = Release;
		};
		77CFCD3C1B6E110B00BC51A4 /* Debug */ = {
			isa = XCBuildConfiguration;
			buildSettings = {
				ASSETCATALOG_COMPILER_APPICON_NAME = AppIcon;
				INFOPLIST_FILE = buttondemo/Info.plist;
				LD_RUNPATH_SEARCH_PATHS = "$(inherited) @executable_path/Frameworks";
				PRODUCT_NAME = "$(TARGET_NAME)";
			};
			name = Debug;
		};
		77CFCD3D1B6E110B00BC51A4 /* Release */ = {
			isa = XCBuildConfiguration;
			buildSettings = {
				ASSETCATALOG_COMPILER_APPICON_NAME = AppIcon;
				INFOPLIST_FILE = buttondemo/Info.plist;
				LD_RUNPATH_SEARCH_PATHS = "$(inherited) @executable_path/Frameworks";
				PRODUCT_NAME = "$(TARGET_NAME)";
			};
			name = Release;
		};
		77CFCD3F1B6E110B00BC51A4 /* Debug */ = {
			isa = XCBuildConfiguration;
			buildSettings = {
				BUNDLE_LOADER = "$(TEST_HOST)";
				FRAMEWORK_SEARCH_PATHS = (
					"$(SDKROOT)/Developer/Library/Frameworks",
					"$(inherited)",
				);
				GCC_PREPROCESSOR_DEFINITIONS = (
					"DEBUG=1",
					"$(inherited)",
				);
				INFOPLIST_FILE = buttondemoTests/Info.plist;
				LD_RUNPATH_SEARCH_PATHS = "$(inherited) @executable_path/Frameworks @loader_path/Frameworks";
				PRODUCT_NAME = "$(TARGET_NAME)";
				TEST_HOST = "$(BUILT_PRODUCTS_DIR)/buttondemo.app/buttondemo";
			};
			name = Debug;
		};
		77CFCD401B6E110B00BC51A4 /* Release */ = {
			isa = XCBuildConfiguration;
			buildSettings = {
				BUNDLE_LOADER = "$(TEST_HOST)";
				FRAMEWORK_SEARCH_PATHS = (
					"$(SDKROOT)/Developer/Library/Frameworks",
					"$(inherited)",
				);
				INFOPLIST_FILE = buttondemoTests/Info.plist;
				LD_RUNPATH_SEARCH_PATHS = "$(inherited) @executable_path/Frameworks @loader_path/Frameworks";
				PRODUCT_NAME = "$(TARGET_NAME)";
				TEST_HOST = "$(BUILT_PRODUCTS_DIR)/buttondemo.app/buttondemo";
			};
			name = Release;
		};
/* End XCBuildConfiguration section */

/* Begin XCConfigurationList section */
		77CFCD171B6E110B00BC51A4 /* Build configuration list for PBXProject "buttondemo" */ = {
			isa = XCConfigurationList;
			buildConfigurations = (
				77CFCD391B6E110B00BC51A4 /* Debug */,
				77CFCD3A1B6E110B00BC51A4 /* Release */,
			);
			defaultConfigurationIsVisible = 0;
			defaultConfigurationName = Release;
		};
		77CFCD3B1B6E110B00BC51A4 /* Build configuration list for PBXNativeTarget "buttondemo" */ = {
			isa = XCConfigurationList;
			buildConfigurations = (
				77CFCD3C1B6E110B00BC51A4 /* Debug */,
				77CFCD3D1B6E110B00BC51A4 /* Release */,
			);
			defaultConfigurationIsVisible = 0;
		};
		77CFCD3E1B6E110B00BC51A4 /* Build configuration list for PBXNativeTarget "buttondemoTests" */ = {
			isa = XCConfigurationList;
			buildConfigurations = (
				77CFCD3F1B6E110B00BC51A4 /* Debug */,
				77CFCD401B6E110B00BC51A4 /* Release */,
			);
			defaultConfigurationIsVisible = 0;
		};
/* End XCConfigurationList section */
	};
	rootObject = 77CFCD141B6E110B00BC51A4 /* Project object */;
}
