// !$*UTF8*$!
{
	archiveVersion = 1;
	classes = {
	};
	objectVersion = 46;
	objects = {

/* Begin PBXBuildFile section */
		773A37511BF6488F0078D862 /* AppDelegate.swift in Sources */ = {isa = PBXBuildFile; fileRef = 773A37501BF6488F0078D862 /* AppDelegate.swift */; };
		773A37531BF6488F0078D862 /* ViewController.swift in Sources */ = {isa = PBXBuildFile; fileRef = 773A37521BF6488F0078D862 /* ViewController.swift */; };
		773A37561BF6488F0078D862 /* Main.storyboard in Resources */ = {isa = PBXBuildFile; fileRef = 773A37541BF6488F0078D862 /* Main.storyboard */; };
		773A37581BF6488F0078D862 /* Assets.xcassets in Resources */ = {isa = PBXBuildFile; fileRef = 773A37571BF6488F0078D862 /* Assets.xcassets */; };
		773A375B1BF6488F0078D862 /* LaunchScreen.storyboard in Resources */ = {isa = PBXBuildFile; fileRef = 773A37591BF6488F0078D862 /* LaunchScreen.storyboard */; };
		773A37661BF648900078D862 /* circlereferenceTests.swift in Sources */ = {isa = PBXBuildFile; fileRef = 773A37651BF648900078D862 /* circlereferenceTests.swift */; };
		773A37711BF648900078D862 /* circlereferenceUITests.swift in Sources */ = {isa = PBXBuildFile; fileRef = 773A37701BF648900078D862 /* circlereferenceUITests.swift */; };
/* End PBXBuildFile section */

/* Begin PBXContainerItemProxy section */
		773A37621BF648900078D862 /* PBXContainerItemProxy */ = {
			isa = PBXContainerItemProxy;
			containerPortal = 773A37451BF6488F0078D862 /* Project object */;
			proxyType = 1;
			remoteGlobalIDString = 773A374C1BF6488F0078D862;
			remoteInfo = circlereference;
		};
		773A376D1BF648900078D862 /* PBXContainerItemProxy */ = {
			isa = PBXContainerItemProxy;
			containerPortal = 773A37451BF6488F0078D862 /* Project object */;
			proxyType = 1;
			remoteGlobalIDString = 773A374C1BF6488F0078D862;
			remoteInfo = circlereference;
		};
/* End PBXContainerItemProxy section */

/* Begin PBXFileReference section */
		773A374D1BF6488F0078D862 /* circlereference.app */ = {isa = PBXFileReference; explicitFileType = wrapper.application; includeInIndex = 0; path = circlereference.app; sourceTree = BUILT_PRODUCTS_DIR; };
		773A37501BF6488F0078D862 /* AppDelegate.swift */ = {isa = PBXFileReference; lastKnownFileType = sourcecode.swift; path = AppDelegate.swift; sourceTree = "<group>"; };
		773A37521BF6488F0078D862 /* ViewController.swift */ = {isa = PBXFileReference; lastKnownFileType = sourcecode.swift; path = ViewController.swift; sourceTree = "<group>"; };
		773A37551BF6488F0078D862 /* Base */ = {isa = PBXFileReference; lastKnownFileType = file.storyboard; name = Base; path = Base.lproj/Main.storyboard; sourceTree = "<group>"; };
		773A37571BF6488F0078D862 /* Assets.xcassets */ = {isa = PBXFileReference; lastKnownFileType = folder.assetcatalog; path = Assets.xcassets; sourceTree = "<group>"; };
		773A375A1BF6488F0078D862 /* Base */ = {isa = PBXFileReference; lastKnownFileType = file.storyboard; name = Base; path = Base.lproj/LaunchScreen.storyboard; sourceTree = "<group>"; };
		773A375C1BF6488F0078D862 /* Info.plist */ = {isa = PBXFileReference; lastKnownFileType = text.plist.xml; path = Info.plist; sourceTree = "<group>"; };
		773A37611BF648900078D862 /* circlereferenceTests.xctest */ = {isa = PBXFileReference; explicitFileType = wrapper.cfbundle; includeInIndex = 0; path = circlereferenceTests.xctest; sourceTree = BUILT_PRODUCTS_DIR; };
		773A37651BF648900078D862 /* circlereferenceTests.swift */ = {isa = PBXFileReference; lastKnownFileType = sourcecode.swift; path = circlereferenceTests.swift; sourceTree = "<group>"; };
		773A37671BF648900078D862 /* Info.plist */ = {isa = PBXFileReference; lastKnownFileType = text.plist.xml; path = Info.plist; sourceTree = "<group>"; };
		773A376C1BF648900078D862 /* circlereferenceUITests.xctest */ = {isa = PBXFileReference; explicitFileType = wrapper.cfbundle; includeInIndex = 0; path = circlereferenceUITests.xctest; sourceTree = BUILT_PRODUCTS_DIR; };
		773A37701BF648900078D862 /* circlereferenceUITests.swift */ = {isa = PBXFileReference; lastKnownFileType = sourcecode.swift; path = circlereferenceUITests.swift; sourceTree = "<group>"; };
		773A37721BF648900078D862 /* Info.plist */ = {isa = PBXFileReference; lastKnownFileType = text.plist.xml; path = Info.plist; sourceTree = "<group>"; };
/* End PBXFileReference section */

/* Begin PBXFrameworksBuildPhase section */
		773A374A1BF6488F0078D862 /* Frameworks */ = {
			isa = PBXFrameworksBuildPhase;
			buildActionMask = 2147483647;
			files = (
			);
			runOnlyForDeploymentPostprocessing = 0;
		};
		773A375E1BF648900078D862 /* Frameworks */ = {
			isa = PBXFrameworksBuildPhase;
			buildActionMask = 2147483647;
			files = (
			);
			runOnlyForDeploymentPostprocessing = 0;
		};
		773A37691BF648900078D862 /* Frameworks */ = {
			isa = PBXFrameworksBuildPhase;
			buildActionMask = 2147483647;
			files = (
			);
			runOnlyForDeploymentPostprocessing = 0;
		};
/* End PBXFrameworksBuildPhase section */

/* Begin PBXGroup section */
		773A37441BF6488F0078D862 = {
			isa = PBXGroup;
			children = (
				773A374F1BF6488F0078D862 /* circlereference */,
				773A37641BF648900078D862 /* circlereferenceTests */,
				773A376F1BF648900078D862 /* circlereferenceUITests */,
				773A374E1BF6488F0078D862 /* Products */,
			);
			sourceTree = "<group>";
		};
		773A374E1BF6488F0078D862 /* Products */ = {
			isa = PBXGroup;
			children = (
				773A374D1BF6488F0078D862 /* circlereference.app */,
				773A37611BF648900078D862 /* circlereferenceTests.xctest */,
				773A376C1BF648900078D862 /* circlereferenceUITests.xctest */,
			);
			name = Products;
			sourceTree = "<group>";
		};
		773A374F1BF6488F0078D862 /* circlereference */ = {
			isa = PBXGroup;
			children = (
				773A37501BF6488F0078D862 /* AppDelegate.swift */,
				773A37521BF6488F0078D862 /* ViewController.swift */,
				773A37541BF6488F0078D862 /* Main.storyboard */,
				773A37571BF6488F0078D862 /* Assets.xcassets */,
				773A37591BF6488F0078D862 /* LaunchScreen.storyboard */,
				773A375C1BF6488F0078D862 /* Info.plist */,
			);
			path = circlereference;
			sourceTree = "<group>";
		};
		773A37641BF648900078D862 /* circlereferenceTests */ = {
			isa = PBXGroup;
			children = (
				773A37651BF648900078D862 /* circlereferenceTests.swift */,
				773A37671BF648900078D862 /* Info.plist */,
			);
			path = circlereferenceTests;
			sourceTree = "<group>";
		};
		773A376F1BF648900078D862 /* circlereferenceUITests */ = {
			isa = PBXGroup;
			children = (
				773A37701BF648900078D862 /* circlereferenceUITests.swift */,
				773A37721BF648900078D862 /* Info.plist */,
			);
			path = circlereferenceUITests;
			sourceTree = "<group>";
		};
/* End PBXGroup section */

/* Begin PBXNativeTarget section */
		773A374C1BF6488F0078D862 /* circlereference */ = {
			isa = PBXNativeTarget;
			buildConfigurationList = 773A37751BF648900078D862 /* Build configuration list for PBXNativeTarget "circlereference" */;
			buildPhases = (
				773A37491BF6488F0078D862 /* Sources */,
				773A374A1BF6488F0078D862 /* Frameworks */,
				773A374B1BF6488F0078D862 /* Resources */,
			);
			buildRules = (
			);
			dependencies = (
			);
			name = circlereference;
			productName = circlereference;
			productReference = 773A374D1BF6488F0078D862 /* circlereference.app */;
			productType = "com.apple.product-type.application";
		};
		773A37601BF648900078D862 /* circlereferenceTests */ = {
			isa = PBXNativeTarget;
			buildConfigurationList = 773A37781BF648900078D862 /* Build configuration list for PBXNativeTarget "circlereferenceTests" */;
			buildPhases = (
				773A375D1BF648900078D862 /* Sources */,
				773A375E1BF648900078D862 /* Frameworks */,
				773A375F1BF648900078D862 /* Resources */,
			);
			buildRules = (
			);
			dependencies = (
				773A37631BF648900078D862 /* PBXTargetDependency */,
			);
			name = circlereferenceTests;
			productName = circlereferenceTests;
			productReference = 773A37611BF648900078D862 /* circlereferenceTests.xctest */;
			productType = "com.apple.product-type.bundle.unit-test";
		};
		773A376B1BF648900078D862 /* circlereferenceUITests */ = {
			isa = PBXNativeTarget;
			buildConfigurationList = 773A377B1BF648900078D862 /* Build configuration list for PBXNativeTarget "circlereferenceUITests" */;
			buildPhases = (
				773A37681BF648900078D862 /* Sources */,
				773A37691BF648900078D862 /* Frameworks */,
				773A376A1BF648900078D862 /* Resources */,
			);
			buildRules = (
			);
			dependencies = (
				773A376E1BF648900078D862 /* PBXTargetDependency */,
			);
			name = circlereferenceUITests;
			productName = circlereferenceUITests;
			productReference = 773A376C1BF648900078D862 /* circlereferenceUITests.xctest */;
			productType = "com.apple.product-type.bundle.ui-testing";
		};
/* End PBXNativeTarget section */

/* Begin PBXProject section */
		773A37451BF6488F0078D862 /* Project object */ = {
			isa = PBXProject;
			attributes = {
				LastSwiftUpdateCheck = 0710;
				LastUpgradeCheck = 0710;
				ORGANIZATIONNAME = youdian.org;
				TargetAttributes = {
					773A374C1BF6488F0078D862 = {
						CreatedOnToolsVersion = 7.1.1;
						DevelopmentTeam = 2M8ZU3G729;
					};
					773A37601BF648900078D862 = {
						CreatedOnToolsVersion = 7.1.1;
						DevelopmentTeam = 2M8ZU3G729;
						TestTargetID = 773A374C1BF6488F0078D862;
					};
					773A376B1BF648900078D862 = {
						CreatedOnToolsVersion = 7.1.1;
						DevelopmentTeam = 2M8ZU3G729;
						TestTargetID = 773A374C1BF6488F0078D862;
					};
				};
			};
			buildConfigurationList = 773A37481BF6488F0078D862 /* Build configuration list for PBXProject "circlereference" */;
			compatibilityVersion = "Xcode 3.2";
			developmentRegion = English;
			hasScannedForEncodings = 0;
			knownRegions = (
				en,
				Base,
			);
			mainGroup = 773A37441BF6488F0078D862;
			productRefGroup = 773A374E1BF6488F0078D862 /* Products */;
			projectDirPath = "";
			projectRoot = "";
			targets = (
				773A374C1BF6488F0078D862 /* circlereference */,
				773A37601BF648900078D862 /* circlereferenceTests */,
				773A376B1BF648900078D862 /* circlereferenceUITests */,
			);
		};
/* End PBXProject section */

/* Begin PBXResourcesBuildPhase section */
		773A374B1BF6488F0078D862 /* Resources */ = {
			isa = PBXResourcesBuildPhase;
			buildActionMask = 2147483647;
			files = (
				773A375B1BF6488F0078D862 /* LaunchScreen.storyboard in Resources */,
				773A37581BF6488F0078D862 /* Assets.xcassets in Resources */,
				773A37561BF6488F0078D862 /* Main.storyboard in Resources */,
			);
			runOnlyForDeploymentPostprocessing = 0;
		};
		773A375F1BF648900078D862 /* Resources */ = {
			isa = PBXResourcesBuildPhase;
			buildActionMask = 2147483647;
			files = (
			);
			runOnlyForDeploymentPostprocessing = 0;
		};
		773A376A1BF648900078D862 /* Resources */ = {
			isa = PBXResourcesBuildPhase;
			buildActionMask = 2147483647;
			files = (
			);
			runOnlyForDeploymentPostprocessing = 0;
		};
/* End PBXResourcesBuildPhase section */

/* Begin PBXSourcesBuildPhase section */
		773A37491BF6488F0078D862 /* Sources */ = {
			isa = PBXSourcesBuildPhase;
			buildActionMask = 2147483647;
			files = (
				773A37531BF6488F0078D862 /* ViewController.swift in Sources */,
				773A37511BF6488F0078D862 /* AppDelegate.swift in Sources */,
			);
			runOnlyForDeploymentPostprocessing = 0;
		};
		773A375D1BF648900078D862 /* Sources */ = {
			isa = PBXSourcesBuildPhase;
			buildActionMask = 2147483647;
			files = (
				773A37661BF648900078D862 /* circlereferenceTests.swift in Sources */,
			);
			runOnlyForDeploymentPostprocessing = 0;
		};
		773A37681BF648900078D862 /* Sources */ = {
			isa = PBXSourcesBuildPhase;
			buildActionMask = 2147483647;
			files = (
				773A37711BF648900078D862 /* circlereferenceUITests.swift in Sources */,
			);
			runOnlyForDeploymentPostprocessing = 0;
		};
/* End PBXSourcesBuildPhase section */

/* Begin PBXTargetDependency section */
		773A37631BF648900078D862 /* PBXTargetDependency */ = {
			isa = PBXTargetDependency;
			target = 773A374C1BF6488F0078D862 /* circlereference */;
			targetProxy = 773A37621BF648900078D862 /* PBXContainerItemProxy */;
		};
		773A376E1BF648900078D862 /* PBXTargetDependency */ = {
			isa = PBXTargetDependency;
			target = 773A374C1BF6488F0078D862 /* circlereference */;
			targetProxy = 773A376D1BF648900078D862 /* PBXContainerItemProxy */;
		};
/* End PBXTargetDependency section */

/* Begin PBXVariantGroup section */
		773A37541BF6488F0078D862 /* Main.storyboard */ = {
			isa = PBXVariantGroup;
			children = (
				773A37551BF6488F0078D862 /* Base */,
			);
			name = Main.storyboard;
			sourceTree = "<group>";
		};
		773A37591BF6488F0078D862 /* LaunchScreen.storyboard */ = {
			isa = PBXVariantGroup;
			children = (
				773A375A1BF6488F0078D862 /* Base */,
			);
			name = LaunchScreen.storyboard;
			sourceTree = "<group>";
		};
/* End PBXVariantGroup section */

/* Begin XCBuildConfiguration section */
		773A37731BF648900078D862 /* Debug */ = {
			isa = XCBuildConfiguration;
			buildSettings = {
				ALWAYS_SEARCH_USER_PATHS = NO;
				CLANG_CXX_LANGUAGE_STANDARD = "gnu++0x";
				CLANG_CXX_LIBRARY = "libc++";
				CLANG_ENABLE_MODULES = YES;
				CLANG_ENABLE_OBJC_ARC = YES;
				CLANG_WARN_BOOL_CONVERSION = YES;
				CLANG_WARN_CONSTANT_CONVERSION = YES;
				CLANG_WARN_DIRECT_OBJC_ISA_USAGE = YES_ERROR;
				CLANG_WARN_EMPTY_BODY = YES;
				CLANG_WARN_ENUM_CONVERSION = YES;
				CLANG_WARN_INT_CONVERSION = YES;
				CLANG_WARN_OBJC_ROOT_CLASS = YES_ERROR;
				CLANG_WARN_UNREACHABLE_CODE = YES;
				CLANG_WARN__DUPLICATE_METHOD_MATCH = YES;
				"CODE_SIGN_IDENTITY[sdk=iphoneos*]" = "iPhone Developer";
				COPY_PHASE_STRIP = NO;
				DEBUG_INFORMATION_FORMAT = dwarf;
				ENABLE_STRICT_OBJC_MSGSEND = YES;
				ENABLE_TESTABILITY = YES;
				GCC_C_LANGUAGE_STANDARD = gnu99;
				GCC_DYNAMIC_NO_PIC = NO;
				GCC_NO_COMMON_BLOCKS = YES;
				GCC_OPTIMIZATION_LEVEL = 0;
				GCC_PREPROCESSOR_DEFINITIONS = (
					"DEBUG=1",
					"$(inherited)",
				);
				GCC_WARN_64_TO_32_BIT_CONVERSION = YES;
				GCC_WARN_ABOUT_RETURN_TYPE = YES_ERROR;
				GCC_WARN_UNDECLARED_SELECTOR = YES;
				GCC_WARN_UNINITIALIZED_AUTOS = YES_AGGRESSIVE;
				GCC_WARN_UNUSED_FUNCTION = YES;
				GCC_WARN_UNUSED_VARIABLE = YES;
				IPHONEOS_DEPLOYMENT_TARGET = 9.1;
				MTL_ENABLE_DEBUG_INFO = YES;
				ONLY_ACTIVE_ARCH = YES;
				SDKROOT = iphoneos;
				SWIFT_OPTIMIZATION_LEVEL = "-Onone";
			};
			name = Debug;
		};
		773A37741BF648900078D862 /* Release */ = {
			isa = XCBuildConfiguration;
			buildSettings = {
				ALWAYS_SEARCH_USER_PATHS = NO;
				CLANG_CXX_LANGUAGE_STANDARD = "gnu++0x";
				CLANG_CXX_LIBRARY = "libc++";
				CLANG_ENABLE_MODULES = YES;
				CLANG_ENABLE_OBJC_ARC = YES;
				CLANG_WARN_BOOL_CONVERSION = YES;
				CLANG_WARN_CONSTANT_CONVERSION = YES;
				CLANG_WARN_DIRECT_OBJC_ISA_USAGE = YES_ERROR;
				CLANG_WARN_EMPTY_BODY = YES;
				CLANG_WARN_ENUM_CONVERSION = YES;
				CLANG_WARN_INT_CONVERSION = YES;
				CLANG_WARN_OBJC_ROOT_CLASS = YES_ERROR;
				CLANG_WARN_UNREACHABLE_CODE = YES;
				CLANG_WARN__DUPLICATE_METHOD_MATCH = YES;
				"CODE_SIGN_IDENTITY[sdk=iphoneos*]" = "iPhone Developer";
				COPY_PHASE_STRIP = NO;
				DEBUG_INFORMATION_FORMAT = "dwarf-with-dsym";
				ENABLE_NS_ASSERTIONS = NO;
				ENABLE_STRICT_OBJC_MSGSEND = YES;
				GCC_C_LANGUAGE_STANDARD = gnu99;
				GCC_NO_COMMON_BLOCKS = YES;
				GCC_WARN_64_TO_32_BIT_CONVERSION = YES;
				GCC_WARN_ABOUT_RETURN_TYPE = YES_ERROR;
				GCC_WARN_UNDECLARED_SELECTOR = YES;
				GCC_WARN_UNINITIALIZED_AUTOS = YES_AGGRESSIVE;
				GCC_WARN_UNUSED_FUNCTION = YES;
				GCC_WARN_UNUSED_VARIABLE = YES;
				IPHONEOS_DEPLOYMENT_TARGET = 9.1;
				MTL_ENABLE_DEBUG_INFO = NO;
				SDKROOT = iphoneos;
				VALIDATE_PRODUCT = YES;
			};
			name = Release;
		};
		773A37761BF648900078D862 /* Debug */ = {
			isa = XCBuildConfiguration;
			buildSettings = {
				ASSETCATALOG_COMPILER_APPICON_NAME = AppIcon;
				INFOPLIST_FILE = circlereference/Info.plist;
				LD_RUNPATH_SEARCH_PATHS = "$(inherited) @executable_path/Frameworks";
				PRODUCT_BUNDLE_IDENTIFIER = org.youdian.circlereference;
				PRODUCT_NAME = "$(TARGET_NAME)";
			};
			name = Debug;
		};
		773A37771BF648900078D862 /* Release */ = {
			isa = XCBuildConfiguration;
			buildSettings = {
				ASSETCATALOG_COMPILER_APPICON_NAME = AppIcon;
				INFOPLIST_FILE = circlereference/Info.plist;
				LD_RUNPATH_SEARCH_PATHS = "$(inherited) @executable_path/Frameworks";
				PRODUCT_BUNDLE_IDENTIFIER = org.youdian.circlereference;
				PRODUCT_NAME = "$(TARGET_NAME)";
			};
			name = Release;
		};
		773A37791BF648900078D862 /* Debug */ = {
			isa = XCBuildConfiguration;
			buildSettings = {
				BUNDLE_LOADER = "$(TEST_HOST)";
				INFOPLIST_FILE = circlereferenceTests/Info.plist;
				LD_RUNPATH_SEARCH_PATHS = "$(inherited) @executable_path/Frameworks @loader_path/Frameworks";
				PRODUCT_BUNDLE_IDENTIFIER = org.youdian.circlereferenceTests;
				PRODUCT_NAME = "$(TARGET_NAME)";
				TEST_HOST = "$(BUILT_PRODUCTS_DIR)/circlereference.app/circlereference";
			};
			name = Debug;
		};
		773A377A1BF648900078D862 /* Release */ = {
			isa = XCBuildConfiguration;
			buildSettings = {
				BUNDLE_LOADER = "$(TEST_HOST)";
				INFOPLIST_FILE = circlereferenceTests/Info.plist;
				LD_RUNPATH_SEARCH_PATHS = "$(inherited) @executable_path/Frameworks @loader_path/Frameworks";
				PRODUCT_BUNDLE_IDENTIFIER = org.youdian.circlereferenceTests;
				PRODUCT_NAME = "$(TARGET_NAME)";
				TEST_HOST = "$(BUILT_PRODUCTS_DIR)/circlereference.app/circlereference";
			};
			name = Release;
		};
		773A377C1BF648900078D862 /* Debug */ = {
			isa = XCBuildConfiguration;
			buildSettings = {
				INFOPLIST_FILE = circlereferenceUITests/Info.plist;
				LD_RUNPATH_SEARCH_PATHS = "$(inherited) @executable_path/Frameworks @loader_path/Frameworks";
				PRODUCT_BUNDLE_IDENTIFIER = org.youdian.circlereferenceUITests;
				PRODUCT_NAME = "$(TARGET_NAME)";
				TEST_TARGET_NAME = circlereference;
				USES_XCTRUNNER = YES;
			};
			name = Debug;
		};
		773A377D1BF648900078D862 /* Release */ = {
			isa = XCBuildConfiguration;
			buildSettings = {
				INFOPLIST_FILE = circlereferenceUITests/Info.plist;
				LD_RUNPATH_SEARCH_PATHS = "$(inherited) @executable_path/Frameworks @loader_path/Frameworks";
				PRODUCT_BUNDLE_IDENTIFIER = org.youdian.circlereferenceUITests;
				PRODUCT_NAME = "$(TARGET_NAME)";
				TEST_TARGET_NAME = circlereference;
				USES_XCTRUNNER = YES;
			};
			name = Release;
		};
/* End XCBuildConfiguration section */

/* Begin XCConfigurationList section */
		773A37481BF6488F0078D862 /* Build configuration list for PBXProject "circlereference" */ = {
			isa = XCConfigurationList;
			buildConfigurations = (
				773A37731BF648900078D862 /* Debug */,
				773A37741BF648900078D862 /* Release */,
			);
			defaultConfigurationIsVisible = 0;
			defaultConfigurationName = Release;
		};
		773A37751BF648900078D862 /* Build configuration list for PBXNativeTarget "circlereference" */ = {
			isa = XCConfigurationList;
			buildConfigurations = (
				773A37761BF648900078D862 /* Debug */,
				773A37771BF648900078D862 /* Release */,
			);
			defaultConfigurationIsVisible = 0;
		};
		773A37781BF648900078D862 /* Build configuration list for PBXNativeTarget "circlereferenceTests" */ = {
			isa = XCConfigurationList;
			buildConfigurations = (
				773A37791BF648900078D862 /* Debug */,
				773A377A1BF648900078D862 /* Release */,
			);
			defaultConfigurationIsVisible = 0;
		};
		773A377B1BF648900078D862 /* Build configuration list for PBXNativeTarget "circlereferenceUITests" */ = {
			isa = XCConfigurationList;
			buildConfigurations = (
				773A377C1BF648900078D862 /* Debug */,
				773A377D1BF648900078D862 /* Release */,
			);
			defaultConfigurationIsVisible = 0;
		};
/* End XCConfigurationList section */
	};
	rootObject = 773A37451BF6488F0078D862 /* Project object */;
}
