// !$*UTF8*$!
{
	archiveVersion = 1;
	classes = {
	};
	objectVersion = 46;
	objects = {

/* Begin PBXBuildFile section */
		77001EB51BFE209800BD9EEC /* PhotoSupplementaryView.swift in Sources */ = {isa = PBXBuildFile; fileRef = 77001EB41BFE209800BD9EEC /* PhotoSupplementaryView.swift */; };
		77FAC80C1BFC387F001F302E /* NewRecordViewController.swift in Sources */ = {isa = PBXBuildFile; fileRef = 77FAC80B1BFC387F001F302E /* NewRecordViewController.swift */; };
		77FAC8101BFC3DA7001F302E /* Intro.storyboard in Resources */ = {isa = PBXBuildFile; fileRef = 77FAC80F1BFC3DA7001F302E /* Intro.storyboard */; };
		77FAC8121BFCCD3C001F302E /* MobileCoreServices.framework in Frameworks */ = {isa = PBXBuildFile; fileRef = 77FAC8111BFCCD3C001F302E /* MobileCoreServices.framework */; };
		77FAC8141BFCCFC1001F302E /* Storyboard.swift in Sources */ = {isa = PBXBuildFile; fileRef = 77FAC8131BFCCFC1001F302E /* Storyboard.swift */; };
		77FAC8171BFCD454001F302E /* PhotoListCell.swift in Sources */ = {isa = PBXBuildFile; fileRef = 77FAC8161BFCD454001F302E /* PhotoListCell.swift */; };
		77FBF34E1BFB22CA0089D39B /* AppDelegate.swift in Sources */ = {isa = PBXBuildFile; fileRef = 77FBF34D1BFB22CA0089D39B /* AppDelegate.swift */; };
		77FBF3501BFB22CA0089D39B /* MainViewController.swift in Sources */ = {isa = PBXBuildFile; fileRef = 77FBF34F1BFB22CA0089D39B /* MainViewController.swift */; };
		77FBF3531BFB22CA0089D39B /* Main.storyboard in Resources */ = {isa = PBXBuildFile; fileRef = 77FBF3511BFB22CA0089D39B /* Main.storyboard */; };
		77FBF3551BFB22CA0089D39B /* Assets.xcassets in Resources */ = {isa = PBXBuildFile; fileRef = 77FBF3541BFB22CA0089D39B /* Assets.xcassets */; };
		77FBF3581BFB22CA0089D39B /* LaunchScreen.storyboard in Resources */ = {isa = PBXBuildFile; fileRef = 77FBF3561BFB22CA0089D39B /* LaunchScreen.storyboard */; };
		77FBF3631BFB22CA0089D39B /* ThingsTests.swift in Sources */ = {isa = PBXBuildFile; fileRef = 77FBF3621BFB22CA0089D39B /* ThingsTests.swift */; };
		77FBF36E1BFB22CA0089D39B /* ThingsUITests.swift in Sources */ = {isa = PBXBuildFile; fileRef = 77FBF36D1BFB22CA0089D39B /* ThingsUITests.swift */; };
		77FBF37F1BFB2B7F0089D39B /* IntroPageViewController.swift in Sources */ = {isa = PBXBuildFile; fileRef = 77FBF37E1BFB2B7F0089D39B /* IntroPageViewController.swift */; };
		77FBF3831BFB2CF60089D39B /* IntroContentViewController.swift in Sources */ = {isa = PBXBuildFile; fileRef = 77FBF3821BFB2CF60089D39B /* IntroContentViewController.swift */; };
		77FBF3881BFB31C20089D39B /* Identifiers.swift in Sources */ = {isa = PBXBuildFile; fileRef = 77FBF3871BFB31C20089D39B /* Identifiers.swift */; };
		77FBF38A1BFB6E4D0089D39B /* IntroViewController.swift in Sources */ = {isa = PBXBuildFile; fileRef = 77FBF3891BFB6E4D0089D39B /* IntroViewController.swift */; };
		77FBF38C1BFB7AFF0089D39B /* UserDefaultsKeys.swift in Sources */ = {isa = PBXBuildFile; fileRef = 77FBF38B1BFB7AFF0089D39B /* UserDefaultsKeys.swift */; };
		77FBF38F1BFB980D0089D39B /* Bundle.swift in Sources */ = {isa = PBXBuildFile; fileRef = 77FBF38E1BFB980D0089D39B /* Bundle.swift */; };
		77FD48901C02EC5F0071A335 /* SearchViewController.swift in Sources */ = {isa = PBXBuildFile; fileRef = 77FD488F1C02EC5F0071A335 /* SearchViewController.swift */; };
		77FD48971C0384D10071A335 /* UIImage+Decompression.swift in Sources */ = {isa = PBXBuildFile; fileRef = 77FD48961C0384D10071A335 /* UIImage+Decompression.swift */; };
		77FD48991C0398850071A335 /* LoginViewController.swift in Sources */ = {isa = PBXBuildFile; fileRef = 77FD48981C0398850071A335 /* LoginViewController.swift */; };
		77FE43071C05EC1500DD6142 /* Urls.swift in Sources */ = {isa = PBXBuildFile; fileRef = 77FE43061C05EC1500DD6142 /* Urls.swift */; };
		77FE43091C05F50400DD6142 /* User.swift in Sources */ = {isa = PBXBuildFile; fileRef = 77FE43081C05F50400DD6142 /* User.swift */; };
		77FE430B1C060E1E00DD6142 /* HttpError.swift in Sources */ = {isa = PBXBuildFile; fileRef = 77FE430A1C060E1E00DD6142 /* HttpError.swift */; };
		77FEF9C91C01B19E0014608F /* PostCell.swift in Sources */ = {isa = PBXBuildFile; fileRef = 77FEF9C81C01B19E0014608F /* PostCell.swift */; };
		77FEF9CC1C01B1FF0014608F /* Post.swift in Sources */ = {isa = PBXBuildFile; fileRef = 77FEF9CB1C01B1FF0014608F /* Post.swift */; };
		77FF6EC11C04626C0093A19F /* RoundedCornerView.swift in Sources */ = {isa = PBXBuildFile; fileRef = 77FF6EC01C04626C0093A19F /* RoundedCornerView.swift */; };
		77FF6EC51C0464010093A19F /* UIColor+RGB.swift in Sources */ = {isa = PBXBuildFile; fileRef = 77FF6EC41C0464010093A19F /* UIColor+RGB.swift */; };
		77FF6EC71C0472C70093A19F /* colors.plist in Resources */ = {isa = PBXBuildFile; fileRef = 77FF6EC61C0472C70093A19F /* colors.plist */; };
		77FF6EC91C0473470093A19F /* Colors.swift in Sources */ = {isa = PBXBuildFile; fileRef = 77FF6EC81C0473470093A19F /* Colors.swift */; };
		77FF6ECB1C047A4C0093A19F /* BaseViewController.swift in Sources */ = {isa = PBXBuildFile; fileRef = 77FF6ECA1C047A4C0093A19F /* BaseViewController.swift */; };
		77FF6ECF1C04B76C0093A19F /* RoundedRectButton.swift in Sources */ = {isa = PBXBuildFile; fileRef = 77FF6ECE1C04B76C0093A19F /* RoundedRectButton.swift */; };
		77FF6ED31C04C6130093A19F /* UIAlertController+SimpleAlert.swift in Sources */ = {isa = PBXBuildFile; fileRef = 77FF6ED21C04C6130093A19F /* UIAlertController+SimpleAlert.swift */; };
		77FF6ED51C04C77C0093A19F /* String+Extension.swift in Sources */ = {isa = PBXBuildFile; fileRef = 77FF6ED41C04C77C0093A19F /* String+Extension.swift */; };
		77FF6ED71C04F3C90093A19F /* NSMutableURLRequest+Extension.swift in Sources */ = {isa = PBXBuildFile; fileRef = 77FF6ED61C04F3C90093A19F /* NSMutableURLRequest+Extension.swift */; };
		77FF6ED91C04FB3E0093A19F /* RegisterViewController.swift in Sources */ = {isa = PBXBuildFile; fileRef = 77FF6ED81C04FB3E0093A19F /* RegisterViewController.swift */; };
/* End PBXBuildFile section */

/* Begin PBXContainerItemProxy section */
		77FBF35F1BFB22CA0089D39B /* PBXContainerItemProxy */ = {
			isa = PBXContainerItemProxy;
			containerPortal = 77FBF3421BFB22CA0089D39B /* Project object */;
			proxyType = 1;
			remoteGlobalIDString = 77FBF3491BFB22CA0089D39B;
			remoteInfo = Things;
		};
		77FBF36A1BFB22CA0089D39B /* PBXContainerItemProxy */ = {
			isa = PBXContainerItemProxy;
			containerPortal = 77FBF3421BFB22CA0089D39B /* Project object */;
			proxyType = 1;
			remoteGlobalIDString = 77FBF3491BFB22CA0089D39B;
			remoteInfo = Things;
		};
/* End PBXContainerItemProxy section */

/* Begin PBXFileReference section */
		77001EB41BFE209800BD9EEC /* PhotoSupplementaryView.swift */ = {isa = PBXFileReference; fileEncoding = 4; lastKnownFileType = sourcecode.swift; path = PhotoSupplementaryView.swift; sourceTree = "<group>"; };
		77FAC80B1BFC387F001F302E /* NewRecordViewController.swift */ = {isa = PBXFileReference; fileEncoding = 4; lastKnownFileType = sourcecode.swift; path = NewRecordViewController.swift; sourceTree = "<group>"; };
		77FAC80F1BFC3DA7001F302E /* Intro.storyboard */ = {isa = PBXFileReference; fileEncoding = 4; lastKnownFileType = file.storyboard; path = Intro.storyboard; sourceTree = "<group>"; };
		77FAC8111BFCCD3C001F302E /* MobileCoreServices.framework */ = {isa = PBXFileReference; lastKnownFileType = wrapper.framework; name = MobileCoreServices.framework; path = System/Library/Frameworks/MobileCoreServices.framework; sourceTree = SDKROOT; };
		77FAC8131BFCCFC1001F302E /* Storyboard.swift */ = {isa = PBXFileReference; fileEncoding = 4; lastKnownFileType = sourcecode.swift; path = Storyboard.swift; sourceTree = "<group>"; };
		77FAC8161BFCD454001F302E /* PhotoListCell.swift */ = {isa = PBXFileReference; fileEncoding = 4; lastKnownFileType = sourcecode.swift; path = PhotoListCell.swift; sourceTree = "<group>"; };
		77FBF34A1BFB22CA0089D39B /* Things.app */ = {isa = PBXFileReference; explicitFileType = wrapper.application; includeInIndex = 0; path = Things.app; sourceTree = BUILT_PRODUCTS_DIR; };
		77FBF34D1BFB22CA0089D39B /* AppDelegate.swift */ = {isa = PBXFileReference; lastKnownFileType = sourcecode.swift; path = AppDelegate.swift; sourceTree = "<group>"; };
		77FBF34F1BFB22CA0089D39B /* MainViewController.swift */ = {isa = PBXFileReference; lastKnownFileType = sourcecode.swift; path = MainViewController.swift; sourceTree = "<group>"; };
		77FBF3521BFB22CA0089D39B /* Base */ = {isa = PBXFileReference; lastKnownFileType = file.storyboard; name = Base; path = Base.lproj/Main.storyboard; sourceTree = "<group>"; };
		77FBF3541BFB22CA0089D39B /* Assets.xcassets */ = {isa = PBXFileReference; lastKnownFileType = folder.assetcatalog; name = Assets.xcassets; path = Things/Assets.xcassets; sourceTree = "<group>"; };
		77FBF3571BFB22CA0089D39B /* Base */ = {isa = PBXFileReference; lastKnownFileType = file.storyboard; name = Base; path = Base.lproj/LaunchScreen.storyboard; sourceTree = "<group>"; };
		77FBF3591BFB22CA0089D39B /* Info.plist */ = {isa = PBXFileReference; lastKnownFileType = text.plist.xml; path = Info.plist; sourceTree = "<group>"; };
		77FBF35E1BFB22CA0089D39B /* ThingsTests.xctest */ = {isa = PBXFileReference; explicitFileType = wrapper.cfbundle; includeInIndex = 0; path = ThingsTests.xctest; sourceTree = BUILT_PRODUCTS_DIR; };
		77FBF3621BFB22CA0089D39B /* ThingsTests.swift */ = {isa = PBXFileReference; lastKnownFileType = sourcecode.swift; path = ThingsTests.swift; sourceTree = "<group>"; };
		77FBF3641BFB22CA0089D39B /* Info.plist */ = {isa = PBXFileReference; lastKnownFileType = text.plist.xml; path = Info.plist; sourceTree = "<group>"; };
		77FBF3691BFB22CA0089D39B /* ThingsUITests.xctest */ = {isa = PBXFileReference; explicitFileType = wrapper.cfbundle; includeInIndex = 0; path = ThingsUITests.xctest; sourceTree = BUILT_PRODUCTS_DIR; };
		77FBF36D1BFB22CA0089D39B /* ThingsUITests.swift */ = {isa = PBXFileReference; lastKnownFileType = sourcecode.swift; path = ThingsUITests.swift; sourceTree = "<group>"; };
		77FBF36F1BFB22CA0089D39B /* Info.plist */ = {isa = PBXFileReference; lastKnownFileType = text.plist.xml; path = Info.plist; sourceTree = "<group>"; };
		77FBF37E1BFB2B7F0089D39B /* IntroPageViewController.swift */ = {isa = PBXFileReference; fileEncoding = 4; lastKnownFileType = sourcecode.swift; path = IntroPageViewController.swift; sourceTree = "<group>"; };
		77FBF3821BFB2CF60089D39B /* IntroContentViewController.swift */ = {isa = PBXFileReference; fileEncoding = 4; lastKnownFileType = sourcecode.swift; path = IntroContentViewController.swift; sourceTree = "<group>"; };
		77FBF3871BFB31C20089D39B /* Identifiers.swift */ = {isa = PBXFileReference; fileEncoding = 4; lastKnownFileType = sourcecode.swift; path = Identifiers.swift; sourceTree = "<group>"; };
		77FBF3891BFB6E4D0089D39B /* IntroViewController.swift */ = {isa = PBXFileReference; fileEncoding = 4; lastKnownFileType = sourcecode.swift; path = IntroViewController.swift; sourceTree = "<group>"; };
		77FBF38B1BFB7AFF0089D39B /* UserDefaultsKeys.swift */ = {isa = PBXFileReference; fileEncoding = 4; lastKnownFileType = sourcecode.swift; path = UserDefaultsKeys.swift; sourceTree = "<group>"; };
		77FBF38E1BFB980D0089D39B /* Bundle.swift */ = {isa = PBXFileReference; fileEncoding = 4; lastKnownFileType = sourcecode.swift; path = Bundle.swift; sourceTree = "<group>"; };
		77FD488F1C02EC5F0071A335 /* SearchViewController.swift */ = {isa = PBXFileReference; fileEncoding = 4; lastKnownFileType = sourcecode.swift; path = SearchViewController.swift; sourceTree = "<group>"; };
		77FD48961C0384D10071A335 /* UIImage+Decompression.swift */ = {isa = PBXFileReference; fileEncoding = 4; lastKnownFileType = sourcecode.swift; path = "UIImage+Decompression.swift"; sourceTree = "<group>"; };
		77FD48981C0398850071A335 /* LoginViewController.swift */ = {isa = PBXFileReference; fileEncoding = 4; lastKnownFileType = sourcecode.swift; path = LoginViewController.swift; sourceTree = "<group>"; };
		77FE43061C05EC1500DD6142 /* Urls.swift */ = {isa = PBXFileReference; fileEncoding = 4; lastKnownFileType = sourcecode.swift; path = Urls.swift; sourceTree = "<group>"; };
		77FE43081C05F50400DD6142 /* User.swift */ = {isa = PBXFileReference; fileEncoding = 4; lastKnownFileType = sourcecode.swift; path = User.swift; sourceTree = "<group>"; };
		77FE430A1C060E1E00DD6142 /* HttpError.swift */ = {isa = PBXFileReference; fileEncoding = 4; lastKnownFileType = sourcecode.swift; path = HttpError.swift; sourceTree = "<group>"; };
		77FEF9C81C01B19E0014608F /* PostCell.swift */ = {isa = PBXFileReference; fileEncoding = 4; lastKnownFileType = sourcecode.swift; path = PostCell.swift; sourceTree = "<group>"; };
		77FEF9CB1C01B1FF0014608F /* Post.swift */ = {isa = PBXFileReference; fileEncoding = 4; lastKnownFileType = sourcecode.swift; path = Post.swift; sourceTree = "<group>"; };
		77FF6EC01C04626C0093A19F /* RoundedCornerView.swift */ = {isa = PBXFileReference; fileEncoding = 4; lastKnownFileType = sourcecode.swift; path = RoundedCornerView.swift; sourceTree = "<group>"; };
		77FF6EC41C0464010093A19F /* UIColor+RGB.swift */ = {isa = PBXFileReference; fileEncoding = 4; lastKnownFileType = sourcecode.swift; path = "UIColor+RGB.swift"; sourceTree = "<group>"; };
		77FF6EC61C0472C70093A19F /* colors.plist */ = {isa = PBXFileReference; fileEncoding = 4; lastKnownFileType = text.plist.xml; path = colors.plist; sourceTree = "<group>"; };
		77FF6EC81C0473470093A19F /* Colors.swift */ = {isa = PBXFileReference; fileEncoding = 4; lastKnownFileType = sourcecode.swift; path = Colors.swift; sourceTree = "<group>"; };
		77FF6ECA1C047A4C0093A19F /* BaseViewController.swift */ = {isa = PBXFileReference; fileEncoding = 4; lastKnownFileType = sourcecode.swift; path = BaseViewController.swift; sourceTree = "<group>"; };
		77FF6ECE1C04B76C0093A19F /* RoundedRectButton.swift */ = {isa = PBXFileReference; fileEncoding = 4; lastKnownFileType = sourcecode.swift; path = RoundedRectButton.swift; sourceTree = "<group>"; };
		77FF6ED21C04C6130093A19F /* UIAlertController+SimpleAlert.swift */ = {isa = PBXFileReference; fileEncoding = 4; lastKnownFileType = sourcecode.swift; path = "UIAlertController+SimpleAlert.swift"; sourceTree = "<group>"; };
		77FF6ED41C04C77C0093A19F /* String+Extension.swift */ = {isa = PBXFileReference; fileEncoding = 4; lastKnownFileType = sourcecode.swift; path = "String+Extension.swift"; sourceTree = "<group>"; };
		77FF6ED61C04F3C90093A19F /* NSMutableURLRequest+Extension.swift */ = {isa = PBXFileReference; fileEncoding = 4; lastKnownFileType = sourcecode.swift; path = "NSMutableURLRequest+Extension.swift"; sourceTree = "<group>"; };
		77FF6ED81C04FB3E0093A19F /* RegisterViewController.swift */ = {isa = PBXFileReference; fileEncoding = 4; lastKnownFileType = sourcecode.swift; path = RegisterViewController.swift; sourceTree = "<group>"; };
/* End PBXFileReference section */

/* Begin PBXFrameworksBuildPhase section */
		77FBF3471BFB22CA0089D39B /* Frameworks */ = {
			isa = PBXFrameworksBuildPhase;
			buildActionMask = 2147483647;
			files = (
				77FAC8121BFCCD3C001F302E /* MobileCoreServices.framework in Frameworks */,
			);
			runOnlyForDeploymentPostprocessing = 0;
		};
		77FBF35B1BFB22CA0089D39B /* Frameworks */ = {
			isa = PBXFrameworksBuildPhase;
			buildActionMask = 2147483647;
			files = (
			);
			runOnlyForDeploymentPostprocessing = 0;
		};
		77FBF3661BFB22CA0089D39B /* Frameworks */ = {
			isa = PBXFrameworksBuildPhase;
			buildActionMask = 2147483647;
			files = (
			);
			runOnlyForDeploymentPostprocessing = 0;
		};
/* End PBXFrameworksBuildPhase section */

/* Begin PBXGroup section */
		77FAC80A1BFC36B8001F302E /* Controllers */ = {
			isa = PBXGroup;
			children = (
				77FBF34F1BFB22CA0089D39B /* MainViewController.swift */,
				77FAC80B1BFC387F001F302E /* NewRecordViewController.swift */,
				77FD488F1C02EC5F0071A335 /* SearchViewController.swift */,
				77FD48981C0398850071A335 /* LoginViewController.swift */,
				77FF6ECA1C047A4C0093A19F /* BaseViewController.swift */,
				77FF6ED81C04FB3E0093A19F /* RegisterViewController.swift */,
			);
			name = Controllers;
			sourceTree = "<group>";
		};
		77FAC8151BFCD3F2001F302E /* Views */ = {
			isa = PBXGroup;
			children = (
				77FAC8161BFCD454001F302E /* PhotoListCell.swift */,
				77001EB41BFE209800BD9EEC /* PhotoSupplementaryView.swift */,
				77FEF9C81C01B19E0014608F /* PostCell.swift */,
				77FF6EC01C04626C0093A19F /* RoundedCornerView.swift */,
				77FF6ECE1C04B76C0093A19F /* RoundedRectButton.swift */,
			);
			name = Views;
			sourceTree = "<group>";
		};
		77FBF3411BFB22CA0089D39B = {
			isa = PBXGroup;
			children = (
				77FAC8111BFCCD3C001F302E /* MobileCoreServices.framework */,
				77FBF34C1BFB22CA0089D39B /* Things */,
				77FBF3611BFB22CA0089D39B /* ThingsTests */,
				77FBF36C1BFB22CA0089D39B /* ThingsUITests */,
				77FBF34B1BFB22CA0089D39B /* Products */,
			);
			sourceTree = "<group>";
		};
		77FBF34B1BFB22CA0089D39B /* Products */ = {
			isa = PBXGroup;
			children = (
				77FBF34A1BFB22CA0089D39B /* Things.app */,
				77FBF35E1BFB22CA0089D39B /* ThingsTests.xctest */,
				77FBF3691BFB22CA0089D39B /* ThingsUITests.xctest */,
			);
			name = Products;
			sourceTree = "<group>";
		};
		77FBF34C1BFB22CA0089D39B /* Things */ = {
			isa = PBXGroup;
			children = (
				77FD48951C03844E0071A335 /* Extensions */,
				77FD48941C03841E0071A335 /* Supporting Files */,
				77FD48931C0383F90071A335 /* Storyboards & Xibs */,
				77FD48921C0383E30071A335 /* App */,
				77FD48911C0383B30071A335 /* Assets */,
				77FEF9CA1C01B1EB0014608F /* Models */,
				77FEF9C71C018BF30014608F /* Http */,
				77FAC8151BFCD3F2001F302E /* Views */,
				77FAC80A1BFC36B8001F302E /* Controllers */,
				77FBF38D1BFB97F80089D39B /* Utils */,
				77FBF3841BFB313A0089D39B /* Constants */,
				77FBF37B1BFB2B3E0089D39B /* Intro */,
			);
			path = Things;
			sourceTree = "<group>";
		};
		77FBF3611BFB22CA0089D39B /* ThingsTests */ = {
			isa = PBXGroup;
			children = (
				77FBF3621BFB22CA0089D39B /* ThingsTests.swift */,
				77FBF3641BFB22CA0089D39B /* Info.plist */,
			);
			path = ThingsTests;
			sourceTree = "<group>";
		};
		77FBF36C1BFB22CA0089D39B /* ThingsUITests */ = {
			isa = PBXGroup;
			children = (
				77FBF36D1BFB22CA0089D39B /* ThingsUITests.swift */,
				77FBF36F1BFB22CA0089D39B /* Info.plist */,
			);
			path = ThingsUITests;
			sourceTree = "<group>";
		};
		77FBF37B1BFB2B3E0089D39B /* Intro */ = {
			isa = PBXGroup;
			children = (
				77FBF37E1BFB2B7F0089D39B /* IntroPageViewController.swift */,
				77FBF3821BFB2CF60089D39B /* IntroContentViewController.swift */,
				77FBF3891BFB6E4D0089D39B /* IntroViewController.swift */,
			);
			name = Intro;
			sourceTree = "<group>";
		};
		77FBF3841BFB313A0089D39B /* Constants */ = {
			isa = PBXGroup;
			children = (
				77FBF3871BFB31C20089D39B /* Identifiers.swift */,
				77FBF38B1BFB7AFF0089D39B /* UserDefaultsKeys.swift */,
				77FF6EC81C0473470093A19F /* Colors.swift */,
				77FE43061C05EC1500DD6142 /* Urls.swift */,
				77FE43081C05F50400DD6142 /* User.swift */,
			);
			name = Constants;
			sourceTree = "<group>";
		};
		77FBF38D1BFB97F80089D39B /* Utils */ = {
			isa = PBXGroup;
			children = (
				77FBF38E1BFB980D0089D39B /* Bundle.swift */,
				77FAC8131BFCCFC1001F302E /* Storyboard.swift */,
			);
			name = Utils;
			sourceTree = "<group>";
		};
		77FD48911C0383B30071A335 /* Assets */ = {
			isa = PBXGroup;
			children = (
				77FBF3541BFB22CA0089D39B /* Assets.xcassets */,
				77FF6EC61C0472C70093A19F /* colors.plist */,
			);
			name = Assets;
			path = ..;
			sourceTree = "<group>";
		};
		77FD48921C0383E30071A335 /* App */ = {
			isa = PBXGroup;
			children = (
				77FBF34D1BFB22CA0089D39B /* AppDelegate.swift */,
			);
			name = App;
			sourceTree = "<group>";
		};
		77FD48931C0383F90071A335 /* Storyboards & Xibs */ = {
			isa = PBXGroup;
			children = (
				77FAC80F1BFC3DA7001F302E /* Intro.storyboard */,
				77FBF3511BFB22CA0089D39B /* Main.storyboard */,
				77FBF3561BFB22CA0089D39B /* LaunchScreen.storyboard */,
			);
			name = "Storyboards & Xibs";
			sourceTree = "<group>";
		};
		77FD48941C03841E0071A335 /* Supporting Files */ = {
			isa = PBXGroup;
			children = (
				77FBF3591BFB22CA0089D39B /* Info.plist */,
			);
			name = "Supporting Files";
			sourceTree = "<group>";
		};
		77FD48951C03844E0071A335 /* Extensions */ = {
			isa = PBXGroup;
			children = (
				77FD48961C0384D10071A335 /* UIImage+Decompression.swift */,
				77FF6EC41C0464010093A19F /* UIColor+RGB.swift */,
				77FF6ED21C04C6130093A19F /* UIAlertController+SimpleAlert.swift */,
				77FF6ED41C04C77C0093A19F /* String+Extension.swift */,
				77FF6ED61C04F3C90093A19F /* NSMutableURLRequest+Extension.swift */,
			);
			name = Extensions;
			sourceTree = "<group>";
		};
		77FEF9C71C018BF30014608F /* Http */ = {
			isa = PBXGroup;
			children = (
			);
			name = Http;
			sourceTree = "<group>";
		};
		77FEF9CA1C01B1EB0014608F /* Models */ = {
			isa = PBXGroup;
			children = (
				77FEF9CB1C01B1FF0014608F /* Post.swift */,
				77FE430A1C060E1E00DD6142 /* HttpError.swift */,
			);
			name = Models;
			sourceTree = "<group>";
		};
/* End PBXGroup section */

/* Begin PBXNativeTarget section */
		77FBF3491BFB22CA0089D39B /* Things */ = {
			isa = PBXNativeTarget;
			buildConfigurationList = 77FBF3721BFB22CA0089D39B /* Build configuration list for PBXNativeTarget "Things" */;
			buildPhases = (
				77FBF3461BFB22CA0089D39B /* Sources */,
				77FBF3471BFB22CA0089D39B /* Frameworks */,
				77FBF3481BFB22CA0089D39B /* Resources */,
			);
			buildRules = (
			);
			dependencies = (
			);
			name = Things;
			productName = Things;
			productReference = 77FBF34A1BFB22CA0089D39B /* Things.app */;
			productType = "com.apple.product-type.application";
		};
		77FBF35D1BFB22CA0089D39B /* ThingsTests */ = {
			isa = PBXNativeTarget;
			buildConfigurationList = 77FBF3751BFB22CA0089D39B /* Build configuration list for PBXNativeTarget "ThingsTests" */;
			buildPhases = (
				77FBF35A1BFB22CA0089D39B /* Sources */,
				77FBF35B1BFB22CA0089D39B /* Frameworks */,
				77FBF35C1BFB22CA0089D39B /* Resources */,
			);
			buildRules = (
			);
			dependencies = (
				77FBF3601BFB22CA0089D39B /* PBXTargetDependency */,
			);
			name = ThingsTests;
			productName = ThingsTests;
			productReference = 77FBF35E1BFB22CA0089D39B /* ThingsTests.xctest */;
			productType = "com.apple.product-type.bundle.unit-test";
		};
		77FBF3681BFB22CA0089D39B /* ThingsUITests */ = {
			isa = PBXNativeTarget;
			buildConfigurationList = 77FBF3781BFB22CA0089D39B /* Build configuration list for PBXNativeTarget "ThingsUITests" */;
			buildPhases = (
				77FBF3651BFB22CA0089D39B /* Sources */,
				77FBF3661BFB22CA0089D39B /* Frameworks */,
				77FBF3671BFB22CA0089D39B /* Resources */,
			);
			buildRules = (
			);
			dependencies = (
				77FBF36B1BFB22CA0089D39B /* PBXTargetDependency */,
			);
			name = ThingsUITests;
			productName = ThingsUITests;
			productReference = 77FBF3691BFB22CA0089D39B /* ThingsUITests.xctest */;
			productType = "com.apple.product-type.bundle.ui-testing";
		};
/* End PBXNativeTarget section */

/* Begin PBXProject section */
		77FBF3421BFB22CA0089D39B /* Project object */ = {
			isa = PBXProject;
			attributes = {
				LastSwiftUpdateCheck = 0710;
				LastUpgradeCheck = 0710;
				ORGANIZATIONNAME = youdian.org;
				TargetAttributes = {
					77FBF3491BFB22CA0089D39B = {
						CreatedOnToolsVersion = 7.1.1;
						DevelopmentTeam = 2M8ZU3G729;
					};
					77FBF35D1BFB22CA0089D39B = {
						CreatedOnToolsVersion = 7.1.1;
						DevelopmentTeam = 2M8ZU3G729;
						TestTargetID = 77FBF3491BFB22CA0089D39B;
					};
					77FBF3681BFB22CA0089D39B = {
						CreatedOnToolsVersion = 7.1.1;
						DevelopmentTeam = 2M8ZU3G729;
						TestTargetID = 77FBF3491BFB22CA0089D39B;
					};
				};
			};
			buildConfigurationList = 77FBF3451BFB22CA0089D39B /* Build configuration list for PBXProject "Things" */;
			compatibilityVersion = "Xcode 3.2";
			developmentRegion = English;
			hasScannedForEncodings = 0;
			knownRegions = (
				en,
				Base,
			);
			mainGroup = 77FBF3411BFB22CA0089D39B;
			productRefGroup = 77FBF34B1BFB22CA0089D39B /* Products */;
			projectDirPath = "";
			projectRoot = "";
			targets = (
				77FBF3491BFB22CA0089D39B /* Things */,
				77FBF35D1BFB22CA0089D39B /* ThingsTests */,
				77FBF3681BFB22CA0089D39B /* ThingsUITests */,
			);
		};
/* End PBXProject section */

/* Begin PBXResourcesBuildPhase section */
		77FBF3481BFB22CA0089D39B /* Resources */ = {
			isa = PBXResourcesBuildPhase;
			buildActionMask = 2147483647;
			files = (
				77FBF3581BFB22CA0089D39B /* LaunchScreen.storyboard in Resources */,
				77FBF3551BFB22CA0089D39B /* Assets.xcassets in Resources */,
				77FF6EC71C0472C70093A19F /* colors.plist in Resources */,
				77FBF3531BFB22CA0089D39B /* Main.storyboard in Resources */,
				77FAC8101BFC3DA7001F302E /* Intro.storyboard in Resources */,
			);
			runOnlyForDeploymentPostprocessing = 0;
		};
		77FBF35C1BFB22CA0089D39B /* Resources */ = {
			isa = PBXResourcesBuildPhase;
			buildActionMask = 2147483647;
			files = (
			);
			runOnlyForDeploymentPostprocessing = 0;
		};
		77FBF3671BFB22CA0089D39B /* Resources */ = {
			isa = PBXResourcesBuildPhase;
			buildActionMask = 2147483647;
			files = (
			);
			runOnlyForDeploymentPostprocessing = 0;
		};
/* End PBXResourcesBuildPhase section */

/* Begin PBXSourcesBuildPhase section */
		77FBF3461BFB22CA0089D39B /* Sources */ = {
			isa = PBXSourcesBuildPhase;
			buildActionMask = 2147483647;
			files = (
				77FE43071C05EC1500DD6142 /* Urls.swift in Sources */,
				77FD48901C02EC5F0071A335 /* SearchViewController.swift in Sources */,
				77FBF3881BFB31C20089D39B /* Identifiers.swift in Sources */,
				77FBF38F1BFB980D0089D39B /* Bundle.swift in Sources */,
				77FEF9C91C01B19E0014608F /* PostCell.swift in Sources */,
				77FBF38C1BFB7AFF0089D39B /* UserDefaultsKeys.swift in Sources */,
				77FF6ED31C04C6130093A19F /* UIAlertController+SimpleAlert.swift in Sources */,
				77FF6ECF1C04B76C0093A19F /* RoundedRectButton.swift in Sources */,
				77FF6EC11C04626C0093A19F /* RoundedCornerView.swift in Sources */,
				77FAC80C1BFC387F001F302E /* NewRecordViewController.swift in Sources */,
				77FEF9CC1C01B1FF0014608F /* Post.swift in Sources */,
				77FF6ED71C04F3C90093A19F /* NSMutableURLRequest+Extension.swift in Sources */,
				77FBF37F1BFB2B7F0089D39B /* IntroPageViewController.swift in Sources */,
				77FF6EC91C0473470093A19F /* Colors.swift in Sources */,
				77FBF3501BFB22CA0089D39B /* MainViewController.swift in Sources */,
				77FF6EC51C0464010093A19F /* UIColor+RGB.swift in Sources */,
				77FF6ECB1C047A4C0093A19F /* BaseViewController.swift in Sources */,
				77FAC8141BFCCFC1001F302E /* Storyboard.swift in Sources */,
				77FF6ED51C04C77C0093A19F /* String+Extension.swift in Sources */,
				77FE430B1C060E1E00DD6142 /* HttpError.swift in Sources */,
				77FBF38A1BFB6E4D0089D39B /* IntroViewController.swift in Sources */,
				77FE43091C05F50400DD6142 /* User.swift in Sources */,
				77FBF34E1BFB22CA0089D39B /* AppDelegate.swift in Sources */,
				77001EB51BFE209800BD9EEC /* PhotoSupplementaryView.swift in Sources */,
				77FD48991C0398850071A335 /* LoginViewController.swift in Sources */,
				77FD48971C0384D10071A335 /* UIImage+Decompression.swift in Sources */,
				77FF6ED91C04FB3E0093A19F /* RegisterViewController.swift in Sources */,
				77FBF3831BFB2CF60089D39B /* IntroContentViewController.swift in Sources */,
				77FAC8171BFCD454001F302E /* PhotoListCell.swift in Sources */,
			);
			runOnlyForDeploymentPostprocessing = 0;
		};
		77FBF35A1BFB22CA0089D39B /* Sources */ = {
			isa = PBXSourcesBuildPhase;
			buildActionMask = 2147483647;
			files = (
				77FBF3631BFB22CA0089D39B /* ThingsTests.swift in Sources */,
			);
			runOnlyForDeploymentPostprocessing = 0;
		};
		77FBF3651BFB22CA0089D39B /* Sources */ = {
			isa = PBXSourcesBuildPhase;
			buildActionMask = 2147483647;
			files = (
				77FBF36E1BFB22CA0089D39B /* ThingsUITests.swift in Sources */,
			);
			runOnlyForDeploymentPostprocessing = 0;
		};
/* End PBXSourcesBuildPhase section */

/* Begin PBXTargetDependency section */
		77FBF3601BFB22CA0089D39B /* PBXTargetDependency */ = {
			isa = PBXTargetDependency;
			target = 77FBF3491BFB22CA0089D39B /* Things */;
			targetProxy = 77FBF35F1BFB22CA0089D39B /* PBXContainerItemProxy */;
		};
		77FBF36B1BFB22CA0089D39B /* PBXTargetDependency */ = {
			isa = PBXTargetDependency;
			target = 77FBF3491BFB22CA0089D39B /* Things */;
			targetProxy = 77FBF36A1BFB22CA0089D39B /* PBXContainerItemProxy */;
		};
/* End PBXTargetDependency section */

/* Begin PBXVariantGroup section */
		77FBF3511BFB22CA0089D39B /* Main.storyboard */ = {
			isa = PBXVariantGroup;
			children = (
				77FBF3521BFB22CA0089D39B /* Base */,
			);
			name = Main.storyboard;
			sourceTree = "<group>";
		};
		77FBF3561BFB22CA0089D39B /* LaunchScreen.storyboard */ = {
			isa = PBXVariantGroup;
			children = (
				77FBF3571BFB22CA0089D39B /* Base */,
			);
			name = LaunchScreen.storyboard;
			sourceTree = "<group>";
		};
/* End PBXVariantGroup section */

/* Begin XCBuildConfiguration section */
		77FBF3701BFB22CA0089D39B /* Debug */ = {
			isa = XCBuildConfiguration;
			buildSettings = {
				ALWAYS_SEARCH_USER_PATHS = NO;
				CLANG_CXX_LANGUAGE_STANDARD = "gnu++0x";
				CLANG_CXX_LIBRARY = "libc++";
				CLANG_ENABLE_MODULES = YES;
				CLANG_ENABLE_OBJC_ARC = YES;
				CLANG_WARN_BOOL_CONVERSION = YES;
				CLANG_WARN_CONSTANT_CONVERSION = YES;
				CLANG_WARN_DIRECT_OBJC_ISA_USAGE = YES_ERROR;
				CLANG_WARN_EMPTY_BODY = YES;
				CLANG_WARN_ENUM_CONVERSION = YES;
				CLANG_WARN_INT_CONVERSION = YES;
				CLANG_WARN_OBJC_ROOT_CLASS = YES_ERROR;
				CLANG_WARN_UNREACHABLE_CODE = YES;
				CLANG_WARN__DUPLICATE_METHOD_MATCH = YES;
				"CODE_SIGN_IDENTITY[sdk=iphoneos*]" = "iPhone Developer";
				COPY_PHASE_STRIP = NO;
				DEBUG_INFORMATION_FORMAT = dwarf;
				ENABLE_STRICT_OBJC_MSGSEND = YES;
				ENABLE_TESTABILITY = YES;
				GCC_C_LANGUAGE_STANDARD = gnu99;
				GCC_DYNAMIC_NO_PIC = NO;
				GCC_NO_COMMON_BLOCKS = YES;
				GCC_OPTIMIZATION_LEVEL = 0;
				GCC_PREPROCESSOR_DEFINITIONS = (
					"DEBUG=1",
					"$(inherited)",
				);
				GCC_WARN_64_TO_32_BIT_CONVERSION = YES;
				GCC_WARN_ABOUT_RETURN_TYPE = YES_ERROR;
				GCC_WARN_UNDECLARED_SELECTOR = YES;
				GCC_WARN_UNINITIALIZED_AUTOS = YES_AGGRESSIVE;
				GCC_WARN_UNUSED_FUNCTION = YES;
				GCC_WARN_UNUSED_VARIABLE = YES;
				IPHONEOS_DEPLOYMENT_TARGET = 9.1;
				MTL_ENABLE_DEBUG_INFO = YES;
				ONLY_ACTIVE_ARCH = YES;
				SDKROOT = iphoneos;
				SWIFT_OPTIMIZATION_LEVEL = "-Onone";
			};
			name = Debug;
		};
		77FBF3711BFB22CA0089D39B /* Release */ = {
			isa = XCBuildConfiguration;
			buildSettings = {
				ALWAYS_SEARCH_USER_PATHS = NO;
				CLANG_CXX_LANGUAGE_STANDARD = "gnu++0x";
				CLANG_CXX_LIBRARY = "libc++";
				CLANG_ENABLE_MODULES = YES;
				CLANG_ENABLE_OBJC_ARC = YES;
				CLANG_WARN_BOOL_CONVERSION = YES;
				CLANG_WARN_CONSTANT_CONVERSION = YES;
				CLANG_WARN_DIRECT_OBJC_ISA_USAGE = YES_ERROR;
				CLANG_WARN_EMPTY_BODY = YES;
				CLANG_WARN_ENUM_CONVERSION = YES;
				CLANG_WARN_INT_CONVERSION = YES;
				CLANG_WARN_OBJC_ROOT_CLASS = YES_ERROR;
				CLANG_WARN_UNREACHABLE_CODE = YES;
				CLANG_WARN__DUPLICATE_METHOD_MATCH = YES;
				"CODE_SIGN_IDENTITY[sdk=iphoneos*]" = "iPhone Developer";
				COPY_PHASE_STRIP = NO;
				DEBUG_INFORMATION_FORMAT = "dwarf-with-dsym";
				ENABLE_NS_ASSERTIONS = NO;
				ENABLE_STRICT_OBJC_MSGSEND = YES;
				GCC_C_LANGUAGE_STANDARD = gnu99;
				GCC_NO_COMMON_BLOCKS = YES;
				GCC_WARN_64_TO_32_BIT_CONVERSION = YES;
				GCC_WARN_ABOUT_RETURN_TYPE = YES_ERROR;
				GCC_WARN_UNDECLARED_SELECTOR = YES;
				GCC_WARN_UNINITIALIZED_AUTOS = YES_AGGRESSIVE;
				GCC_WARN_UNUSED_FUNCTION = YES;
				GCC_WARN_UNUSED_VARIABLE = YES;
				IPHONEOS_DEPLOYMENT_TARGET = 9.1;
				MTL_ENABLE_DEBUG_INFO = NO;
				SDKROOT = iphoneos;
				VALIDATE_PRODUCT = YES;
			};
			name = Release;
		};
		77FBF3731BFB22CA0089D39B /* Debug */ = {
			isa = XCBuildConfiguration;
			buildSettings = {
				ASSETCATALOG_COMPILER_APPICON_NAME = AppIcon;
				INFOPLIST_FILE = Things/Info.plist;
				LD_RUNPATH_SEARCH_PATHS = "$(inherited) @executable_path/Frameworks";
				PRODUCT_BUNDLE_IDENTIFIER = org.youdian.Things;
				PRODUCT_NAME = "$(TARGET_NAME)";
			};
			name = Debug;
		};
		77FBF3741BFB22CA0089D39B /* Release */ = {
			isa = XCBuildConfiguration;
			buildSettings = {
				ASSETCATALOG_COMPILER_APPICON_NAME = AppIcon;
				INFOPLIST_FILE = Things/Info.plist;
				LD_RUNPATH_SEARCH_PATHS = "$(inherited) @executable_path/Frameworks";
				PRODUCT_BUNDLE_IDENTIFIER = org.youdian.Things;
				PRODUCT_NAME = "$(TARGET_NAME)";
			};
			name = Release;
		};
		77FBF3761BFB22CA0089D39B /* Debug */ = {
			isa = XCBuildConfiguration;
			buildSettings = {
				BUNDLE_LOADER = "$(TEST_HOST)";
				INFOPLIST_FILE = ThingsTests/Info.plist;
				LD_RUNPATH_SEARCH_PATHS = "$(inherited) @executable_path/Frameworks @loader_path/Frameworks";
				PRODUCT_BUNDLE_IDENTIFIER = org.youdian.ThingsTests;
				PRODUCT_NAME = "$(TARGET_NAME)";
				TEST_HOST = "$(BUILT_PRODUCTS_DIR)/Things.app/Things";
			};
			name = Debug;
		};
		77FBF3771BFB22CA0089D39B /* Release */ = {
			isa = XCBuildConfiguration;
			buildSettings = {
				BUNDLE_LOADER = "$(TEST_HOST)";
				INFOPLIST_FILE = ThingsTests/Info.plist;
				LD_RUNPATH_SEARCH_PATHS = "$(inherited) @executable_path/Frameworks @loader_path/Frameworks";
				PRODUCT_BUNDLE_IDENTIFIER = org.youdian.ThingsTests;
				PRODUCT_NAME = "$(TARGET_NAME)";
				TEST_HOST = "$(BUILT_PRODUCTS_DIR)/Things.app/Things";
			};
			name = Release;
		};
		77FBF3791BFB22CA0089D39B /* Debug */ = {
			isa = XCBuildConfiguration;
			buildSettings = {
				INFOPLIST_FILE = ThingsUITests/Info.plist;
				LD_RUNPATH_SEARCH_PATHS = "$(inherited) @executable_path/Frameworks @loader_path/Frameworks";
				PRODUCT_BUNDLE_IDENTIFIER = org.youdian.ThingsUITests;
				PRODUCT_NAME = "$(TARGET_NAME)";
				TEST_TARGET_NAME = Things;
				USES_XCTRUNNER = YES;
			};
			name = Debug;
		};
		77FBF37A1BFB22CA0089D39B /* Release */ = {
			isa = XCBuildConfiguration;
			buildSettings = {
				INFOPLIST_FILE = ThingsUITests/Info.plist;
				LD_RUNPATH_SEARCH_PATHS = "$(inherited) @executable_path/Frameworks @loader_path/Frameworks";
				PRODUCT_BUNDLE_IDENTIFIER = org.youdian.ThingsUITests;
				PRODUCT_NAME = "$(TARGET_NAME)";
				TEST_TARGET_NAME = Things;
				USES_XCTRUNNER = YES;
			};
			name = Release;
		};
/* End XCBuildConfiguration section */

/* Begin XCConfigurationList section */
		77FBF3451BFB22CA0089D39B /* Build configuration list for PBXProject "Things" */ = {
			isa = XCConfigurationList;
			buildConfigurations = (
				77FBF3701BFB22CA0089D39B /* Debug */,
				77FBF3711BFB22CA0089D39B /* Release */,
			);
			defaultConfigurationIsVisible = 0;
			defaultConfigurationName = Release;
		};
		77FBF3721BFB22CA0089D39B /* Build configuration list for PBXNativeTarget "Things" */ = {
			isa = XCConfigurationList;
			buildConfigurations = (
				77FBF3731BFB22CA0089D39B /* Debug */,
				77FBF3741BFB22CA0089D39B /* Release */,
			);
			defaultConfigurationIsVisible = 0;
			defaultConfigurationName = Release;
		};
		77FBF3751BFB22CA0089D39B /* Build configuration list for PBXNativeTarget "ThingsTests" */ = {
			isa = XCConfigurationList;
			buildConfigurations = (
				77FBF3761BFB22CA0089D39B /* Debug */,
				77FBF3771BFB22CA0089D39B /* Release */,
			);
			defaultConfigurationIsVisible = 0;
			defaultConfigurationName = Release;
		};
		77FBF3781BFB22CA0089D39B /* Build configuration list for PBXNativeTarget "ThingsUITests" */ = {
			isa = XCConfigurationList;
			buildConfigurations = (
				77FBF3791BFB22CA0089D39B /* Debug */,
				77FBF37A1BFB22CA0089D39B /* Release */,
			);
			defaultConfigurationIsVisible = 0;
			defaultConfigurationName = Release;
		};
/* End XCConfigurationList section */
	};
	rootObject = 77FBF3421BFB22CA0089D39B /* Project object */;
}
